// !$*UTF8*$!
{
	archiveVersion = 1;
	classes = {
	};
	objectVersion = 56;
	objects = {

/* Begin PBXBuildFile section */
		2E121E2C2BE1464000A3E108 /* PropertyLoader.swift in Sources */ = {isa = PBXBuildFile; fileRef = 2E121E2B2BE1464000A3E108 /* PropertyLoader.swift */; };
		2E121E2E2BE1480D00A3E108 /* PropertyModels.swift in Sources */ = {isa = PBXBuildFile; fileRef = 2E121E2D2BE1480D00A3E108 /* PropertyModels.swift */; };
		2E121E312BE14AD700A3E108 /* PropertyDetailsView.swift in Sources */ = {isa = PBXBuildFile; fileRef = 2E121E302BE14AD700A3E108 /* PropertyDetailsView.swift */; };
		2E121E332BE14B8B00A3E108 /* PropertyDetailsViewModel.swift in Sources */ = {isa = PBXBuildFile; fileRef = 2E121E322BE14B8B00A3E108 /* PropertyDetailsViewModel.swift */; };
		2E121E352BE14EC100A3E108 /* PropertyDetailsPage.swift in Sources */ = {isa = PBXBuildFile; fileRef = 2E121E342BE14EC100A3E108 /* PropertyDetailsPage.swift */; };
		2E121E372BE23DDB00A3E108 /* Theme.swift in Sources */ = {isa = PBXBuildFile; fileRef = 2E121E362BE23DDB00A3E108 /* Theme.swift */; };
		2E2FEDFF2BDE3FD6002E6B4A /* PropertyListApp.swift in Sources */ = {isa = PBXBuildFile; fileRef = 2E2FEDFE2BDE3FD6002E6B4A /* PropertyListApp.swift */; };
		2E2FEE032BDE3FD7002E6B4A /* Assets.xcassets in Resources */ = {isa = PBXBuildFile; fileRef = 2E2FEE022BDE3FD7002E6B4A /* Assets.xcassets */; };
		2E2FEE062BDE3FD7002E6B4A /* Preview Assets.xcassets in Resources */ = {isa = PBXBuildFile; fileRef = 2E2FEE052BDE3FD7002E6B4A /* Preview Assets.xcassets */; };
		2E2FEE102BDE3FD7002E6B4A /* PropertyListLoaderTests.swift in Sources */ = {isa = PBXBuildFile; fileRef = 2E2FEE0F2BDE3FD7002E6B4A /* PropertyListLoaderTests.swift */; };
		2E2FEE3D2BDE40F5002E6B4A /* DataLoader.h in Headers */ = {isa = PBXBuildFile; fileRef = 2E2FEE2F2BDE40F5002E6B4A /* DataLoader.h */; settings = {ATTRIBUTES = (Public, ); }; };
		2E2FEE402BDE40F5002E6B4A /* DataLoader.framework in Frameworks */ = {isa = PBXBuildFile; fileRef = 2E2FEE2D2BDE40F5002E6B4A /* DataLoader.framework */; };
		2E2FEE412BDE40F5002E6B4A /* DataLoader.framework in Embed Frameworks */ = {isa = PBXBuildFile; fileRef = 2E2FEE2D2BDE40F5002E6B4A /* DataLoader.framework */; settings = {ATTRIBUTES = (CodeSignOnCopy, RemoveHeadersOnCopy, ); }; };
		2E2FEE4A2BDE417C002E6B4A /* DataLoader.swift in Sources */ = {isa = PBXBuildFile; fileRef = 2E2FEE492BDE417C002E6B4A /* DataLoader.swift */; };
		2E2FEE732BDE4245002E6B4A /* PageLoader.h in Headers */ = {isa = PBXBuildFile; fileRef = 2E2FEE722BDE4245002E6B4A /* PageLoader.h */; settings = {ATTRIBUTES = (Public, ); }; };
		2E2FEE762BDE4245002E6B4A /* PageLoader.framework in Frameworks */ = {isa = PBXBuildFile; fileRef = 2E2FEE702BDE4245002E6B4A /* PageLoader.framework */; };
		2E2FEE772BDE4245002E6B4A /* PageLoader.framework in Embed Frameworks */ = {isa = PBXBuildFile; fileRef = 2E2FEE702BDE4245002E6B4A /* PageLoader.framework */; settings = {ATTRIBUTES = (CodeSignOnCopy, RemoveHeadersOnCopy, ); }; };
		2E2FEE7D2BDE4251002E6B4A /* ErrorView.swift in Sources */ = {isa = PBXBuildFile; fileRef = 2E2FEE7B2BDE4251002E6B4A /* ErrorView.swift */; };
		2E2FEE7E2BDE4251002E6B4A /* PageLoader.swift in Sources */ = {isa = PBXBuildFile; fileRef = 2E2FEE7C2BDE4251002E6B4A /* PageLoader.swift */; };
		2E2FEE8C2BDE42F7002E6B4A /* Cache.framework in Frameworks */ = {isa = PBXBuildFile; fileRef = 2E2FEE842BDE42F7002E6B4A /* Cache.framework */; };
		2E2FEE932BDE42F7002E6B4A /* CacheTests.swift in Sources */ = {isa = PBXBuildFile; fileRef = 2E2FEE922BDE42F7002E6B4A /* CacheTests.swift */; };
		2E2FEE942BDE42F7002E6B4A /* Cache.h in Headers */ = {isa = PBXBuildFile; fileRef = 2E2FEE862BDE42F7002E6B4A /* Cache.h */; settings = {ATTRIBUTES = (Public, ); }; };
		2E2FEE972BDE42F7002E6B4A /* Cache.framework in Frameworks */ = {isa = PBXBuildFile; fileRef = 2E2FEE842BDE42F7002E6B4A /* Cache.framework */; };
		2E2FEE982BDE42F7002E6B4A /* Cache.framework in Embed Frameworks */ = {isa = PBXBuildFile; fileRef = 2E2FEE842BDE42F7002E6B4A /* Cache.framework */; settings = {ATTRIBUTES = (CodeSignOnCopy, RemoveHeadersOnCopy, ); }; };
		2E2FEEA22BDE4316002E6B4A /* PublisherCache.swift in Sources */ = {isa = PBXBuildFile; fileRef = 2E2FEE9F2BDE4316002E6B4A /* PublisherCache.swift */; };
		2E2FEEA32BDE4316002E6B4A /* AnyPublisher+Cache.swift in Sources */ = {isa = PBXBuildFile; fileRef = 2E2FEEA02BDE4316002E6B4A /* AnyPublisher+Cache.swift */; };
		2E2FEEA42BDE4316002E6B4A /* Cache.swift in Sources */ = {isa = PBXBuildFile; fileRef = 2E2FEEA12BDE4316002E6B4A /* Cache.swift */; };
		2E2FEEA62BDE432F002E6B4A /* CachedPublisherTests.swift in Sources */ = {isa = PBXBuildFile; fileRef = 2E2FEEA52BDE432F002E6B4A /* CachedPublisherTests.swift */; };
		2E2FEEAA2BDE43FC002E6B4A /* PublisherCacheFake.swift in Sources */ = {isa = PBXBuildFile; fileRef = 2E2FEEA82BDE43FC002E6B4A /* PublisherCacheFake.swift */; };
		2E2FEEAB2BDE43FC002E6B4A /* FileManagerFake.swift in Sources */ = {isa = PBXBuildFile; fileRef = 2E2FEEA92BDE43FC002E6B4A /* FileManagerFake.swift */; };
		2E2FEEB12BDE4C42002E6B4A /* PropertyListLoader.swift in Sources */ = {isa = PBXBuildFile; fileRef = 2E2FEEB02BDE4C42002E6B4A /* PropertyListLoader.swift */; };
		2E2FEEB32BDE4C62002E6B4A /* PropertyListModels.swift in Sources */ = {isa = PBXBuildFile; fileRef = 2E2FEEB22BDE4C62002E6B4A /* PropertyListModels.swift */; };
		2E2FEEB62BDE5489002E6B4A /* Logger.swift in Sources */ = {isa = PBXBuildFile; fileRef = 2E2FEEB52BDE5489002E6B4A /* Logger.swift */; };
		2E2FEEB82BDE57AE002E6B4A /* String+Extensions.swift in Sources */ = {isa = PBXBuildFile; fileRef = 2E2FEEB72BDE57AE002E6B4A /* String+Extensions.swift */; };
		2E2FEEBB2BDE58D3002E6B4A /* ServiceProvider.swift in Sources */ = {isa = PBXBuildFile; fileRef = 2E2FEEBA2BDE58D3002E6B4A /* ServiceProvider.swift */; };
		2E2FEEBF2BDE5F16002E6B4A /* PageFactory.swift in Sources */ = {isa = PBXBuildFile; fileRef = 2E2FEEBE2BDE5F16002E6B4A /* PageFactory.swift */; };
		2E2FEEC22BDE6030002E6B4A /* PropertyListView.swift in Sources */ = {isa = PBXBuildFile; fileRef = 2E2FEEC12BDE6030002E6B4A /* PropertyListView.swift */; };
		2E2FEEC42BDE6045002E6B4A /* PropertyListViewModel.swift in Sources */ = {isa = PBXBuildFile; fileRef = 2E2FEEC32BDE6045002E6B4A /* PropertyListViewModel.swift */; };
		2E2FEEC62BDE60E2002E6B4A /* PropertyListPage.swift in Sources */ = {isa = PBXBuildFile; fileRef = 2E2FEEC52BDE60E2002E6B4A /* PropertyListPage.swift */; };
		2E2FEEC82BDE67FD002E6B4A /* PropertyListPropertyView.swift in Sources */ = {isa = PBXBuildFile; fileRef = 2E2FEEC72BDE67FD002E6B4A /* PropertyListPropertyView.swift */; };
		2E2FEECA2BDE68EC002E6B4A /* PropertyListAreaView.swift in Sources */ = {isa = PBXBuildFile; fileRef = 2E2FEEC92BDE68EC002E6B4A /* PropertyListAreaView.swift */; };
		2E2FEECD2BDE7E91002E6B4A /* NavigationCoordinator.swift in Sources */ = {isa = PBXBuildFile; fileRef = 2E2FEECC2BDE7E91002E6B4A /* NavigationCoordinator.swift */; };
		2E2FEEE02BDE967B002E6B4A /* ImageLoader.framework in Frameworks */ = {isa = PBXBuildFile; fileRef = 2E2FEED82BDE967B002E6B4A /* ImageLoader.framework */; };
		2E2FEEE72BDE967B002E6B4A /* ImageLoaderTests.swift in Sources */ = {isa = PBXBuildFile; fileRef = 2E2FEEE62BDE967B002E6B4A /* ImageLoaderTests.swift */; };
		2E2FEEE82BDE967B002E6B4A /* ImageLoader.h in Headers */ = {isa = PBXBuildFile; fileRef = 2E2FEEDA2BDE967B002E6B4A /* ImageLoader.h */; settings = {ATTRIBUTES = (Public, ); }; };
		2E2FEEEB2BDE967B002E6B4A /* ImageLoader.framework in Frameworks */ = {isa = PBXBuildFile; fileRef = 2E2FEED82BDE967B002E6B4A /* ImageLoader.framework */; };
		2E2FEEEC2BDE967B002E6B4A /* ImageLoader.framework in Embed Frameworks */ = {isa = PBXBuildFile; fileRef = 2E2FEED82BDE967B002E6B4A /* ImageLoader.framework */; settings = {ATTRIBUTES = (CodeSignOnCopy, RemoveHeadersOnCopy, ); }; };
		2E2FEEF42BDE968D002E6B4A /* ImageLoader.swift in Sources */ = {isa = PBXBuildFile; fileRef = 2E2FEEF32BDE968D002E6B4A /* ImageLoader.swift */; };
		2E2FEEF72BDE972A002E6B4A /* ImageView.swift in Sources */ = {isa = PBXBuildFile; fileRef = 2E2FEEF62BDE972A002E6B4A /* ImageView.swift */; };
		2E2FEEF92BDE9833002E6B4A /* Cache.framework in Frameworks */ = {isa = PBXBuildFile; fileRef = 2E2FEE842BDE42F7002E6B4A /* Cache.framework */; };
		2E2FEEFA2BDE9833002E6B4A /* Cache.framework in Embed Frameworks */ = {isa = PBXBuildFile; fileRef = 2E2FEE842BDE42F7002E6B4A /* Cache.framework */; settings = {ATTRIBUTES = (CodeSignOnCopy, RemoveHeadersOnCopy, ); }; };
		2E2FEEFF2BDE98B8002E6B4A /* PropertyListPropertyItem.swift in Sources */ = {isa = PBXBuildFile; fileRef = 2E2FEEFE2BDE98B8002E6B4A /* PropertyListPropertyItem.swift */; };
		2EADFFB62BE251AD009143B1 /* ImageLoaderFake.swift in Sources */ = {isa = PBXBuildFile; fileRef = 2EADFFB12BE2518B009143B1 /* ImageLoaderFake.swift */; };
		2EADFFB72BE251AD009143B1 /* CacheFake.swift in Sources */ = {isa = PBXBuildFile; fileRef = 2EADFFB02BE2518B009143B1 /* CacheFake.swift */; };
		2EADFFB82BE251AD009143B1 /* DataLoaderFake.swift in Sources */ = {isa = PBXBuildFile; fileRef = 2EADFFB22BE2518B009143B1 /* DataLoaderFake.swift */; };
		2EADFFBA2BE2527A009143B1 /* LoggerFake.swift in Sources */ = {isa = PBXBuildFile; fileRef = 2EADFFB92BE2527A009143B1 /* LoggerFake.swift */; };
		2EADFFBC2BE25595009143B1 /* Helpers.swift in Sources */ = {isa = PBXBuildFile; fileRef = 2EADFFBB2BE25595009143B1 /* Helpers.swift */; };
		2EADFFBF2BE255AD009143B1 /* properties.json in Resources */ = {isa = PBXBuildFile; fileRef = 2EADFFBE2BE255AD009143B1 /* properties.json */; };
		2EADFFC12BE36610009143B1 /* PropertyListViewModelTests.swift in Sources */ = {isa = PBXBuildFile; fileRef = 2EADFFC02BE36610009143B1 /* PropertyListViewModelTests.swift */; };
		2EADFFC32BE36651009143B1 /* PropertyListLoaderFake.swift in Sources */ = {isa = PBXBuildFile; fileRef = 2EADFFC22BE36651009143B1 /* PropertyListLoaderFake.swift */; };
		2EADFFC52BE41D6C009143B1 /* ImageViewModel.swift in Sources */ = {isa = PBXBuildFile; fileRef = 2EADFFC42BE41D6C009143B1 /* ImageViewModel.swift */; };
/* End PBXBuildFile section */

/* Begin PBXContainerItemProxy section */
		2E2FEE0C2BDE3FD7002E6B4A /* PBXContainerItemProxy */ = {
			isa = PBXContainerItemProxy;
			containerPortal = 2E2FEDF32BDE3FD6002E6B4A /* Project object */;
			proxyType = 1;
			remoteGlobalIDString = 2E2FEDFA2BDE3FD6002E6B4A;
			remoteInfo = PropertyList;
		};
		2E2FEE3E2BDE40F5002E6B4A /* PBXContainerItemProxy */ = {
			isa = PBXContainerItemProxy;
			containerPortal = 2E2FEDF32BDE3FD6002E6B4A /* Project object */;
			proxyType = 1;
			remoteGlobalIDString = 2E2FEE2C2BDE40F5002E6B4A;
			remoteInfo = DataLoader;
		};
		2E2FEE742BDE4245002E6B4A /* PBXContainerItemProxy */ = {
			isa = PBXContainerItemProxy;
			containerPortal = 2E2FEDF32BDE3FD6002E6B4A /* Project object */;
			proxyType = 1;
			remoteGlobalIDString = 2E2FEE6F2BDE4245002E6B4A;
			remoteInfo = PageLoader;
		};
		2E2FEE8D2BDE42F7002E6B4A /* PBXContainerItemProxy */ = {
			isa = PBXContainerItemProxy;
			containerPortal = 2E2FEDF32BDE3FD6002E6B4A /* Project object */;
			proxyType = 1;
			remoteGlobalIDString = 2E2FEE832BDE42F7002E6B4A;
			remoteInfo = Cache;
		};
		2E2FEE8F2BDE42F7002E6B4A /* PBXContainerItemProxy */ = {
			isa = PBXContainerItemProxy;
			containerPortal = 2E2FEDF32BDE3FD6002E6B4A /* Project object */;
			proxyType = 1;
			remoteGlobalIDString = 2E2FEDFA2BDE3FD6002E6B4A;
			remoteInfo = PropertyList;
		};
		2E2FEE952BDE42F7002E6B4A /* PBXContainerItemProxy */ = {
			isa = PBXContainerItemProxy;
			containerPortal = 2E2FEDF32BDE3FD6002E6B4A /* Project object */;
			proxyType = 1;
			remoteGlobalIDString = 2E2FEE832BDE42F7002E6B4A;
			remoteInfo = Cache;
		};
		2E2FEEE12BDE967B002E6B4A /* PBXContainerItemProxy */ = {
			isa = PBXContainerItemProxy;
			containerPortal = 2E2FEDF32BDE3FD6002E6B4A /* Project object */;
			proxyType = 1;
			remoteGlobalIDString = 2E2FEED72BDE967B002E6B4A;
			remoteInfo = ImageLoader;
		};
		2E2FEEE32BDE967B002E6B4A /* PBXContainerItemProxy */ = {
			isa = PBXContainerItemProxy;
			containerPortal = 2E2FEDF32BDE3FD6002E6B4A /* Project object */;
			proxyType = 1;
			remoteGlobalIDString = 2E2FEDFA2BDE3FD6002E6B4A;
			remoteInfo = PropertyList;
		};
		2E2FEEE92BDE967B002E6B4A /* PBXContainerItemProxy */ = {
			isa = PBXContainerItemProxy;
			containerPortal = 2E2FEDF32BDE3FD6002E6B4A /* Project object */;
			proxyType = 1;
			remoteGlobalIDString = 2E2FEED72BDE967B002E6B4A;
			remoteInfo = ImageLoader;
		};
		2E2FEEFB2BDE9833002E6B4A /* PBXContainerItemProxy */ = {
			isa = PBXContainerItemProxy;
			containerPortal = 2E2FEDF32BDE3FD6002E6B4A /* Project object */;
			proxyType = 1;
			remoteGlobalIDString = 2E2FEE832BDE42F7002E6B4A;
			remoteInfo = Cache;
		};
/* End PBXContainerItemProxy section */

/* Begin PBXCopyFilesBuildPhase section */
		2E2FEE452BDE40F5002E6B4A /* Embed Frameworks */ = {
			isa = PBXCopyFilesBuildPhase;
			buildActionMask = 2147483647;
			dstPath = "";
			dstSubfolderSpec = 10;
			files = (
				2E2FEE772BDE4245002E6B4A /* PageLoader.framework in Embed Frameworks */,
				2E2FEE412BDE40F5002E6B4A /* DataLoader.framework in Embed Frameworks */,
				2E2FEE982BDE42F7002E6B4A /* Cache.framework in Embed Frameworks */,
				2E2FEEEC2BDE967B002E6B4A /* ImageLoader.framework in Embed Frameworks */,
			);
			name = "Embed Frameworks";
			runOnlyForDeploymentPostprocessing = 0;
		};
		2E2FEEFD2BDE9833002E6B4A /* Embed Frameworks */ = {
			isa = PBXCopyFilesBuildPhase;
			buildActionMask = 2147483647;
			dstPath = "";
			dstSubfolderSpec = 10;
			files = (
				2E2FEEFA2BDE9833002E6B4A /* Cache.framework in Embed Frameworks */,
			);
			name = "Embed Frameworks";
			runOnlyForDeploymentPostprocessing = 0;
		};
/* End PBXCopyFilesBuildPhase section */

/* Begin PBXFileReference section */
		2E121E2B2BE1464000A3E108 /* PropertyLoader.swift */ = {isa = PBXFileReference; lastKnownFileType = sourcecode.swift; path = PropertyLoader.swift; sourceTree = "<group>"; };
		2E121E2D2BE1480D00A3E108 /* PropertyModels.swift */ = {isa = PBXFileReference; lastKnownFileType = sourcecode.swift; path = PropertyModels.swift; sourceTree = "<group>"; };
		2E121E302BE14AD700A3E108 /* PropertyDetailsView.swift */ = {isa = PBXFileReference; lastKnownFileType = sourcecode.swift; path = PropertyDetailsView.swift; sourceTree = "<group>"; };
		2E121E322BE14B8B00A3E108 /* PropertyDetailsViewModel.swift */ = {isa = PBXFileReference; lastKnownFileType = sourcecode.swift; path = PropertyDetailsViewModel.swift; sourceTree = "<group>"; };
		2E121E342BE14EC100A3E108 /* PropertyDetailsPage.swift */ = {isa = PBXFileReference; lastKnownFileType = sourcecode.swift; path = PropertyDetailsPage.swift; sourceTree = "<group>"; };
		2E121E362BE23DDB00A3E108 /* Theme.swift */ = {isa = PBXFileReference; lastKnownFileType = sourcecode.swift; path = Theme.swift; sourceTree = "<group>"; };
		2E2FEDFB2BDE3FD6002E6B4A /* PropertyList.app */ = {isa = PBXFileReference; explicitFileType = wrapper.application; includeInIndex = 0; path = PropertyList.app; sourceTree = BUILT_PRODUCTS_DIR; };
		2E2FEDFE2BDE3FD6002E6B4A /* PropertyListApp.swift */ = {isa = PBXFileReference; lastKnownFileType = sourcecode.swift; path = PropertyListApp.swift; sourceTree = "<group>"; };
		2E2FEE022BDE3FD7002E6B4A /* Assets.xcassets */ = {isa = PBXFileReference; lastKnownFileType = folder.assetcatalog; path = Assets.xcassets; sourceTree = "<group>"; };
		2E2FEE052BDE3FD7002E6B4A /* Preview Assets.xcassets */ = {isa = PBXFileReference; lastKnownFileType = folder.assetcatalog; path = "Preview Assets.xcassets"; sourceTree = "<group>"; };
		2E2FEE0B2BDE3FD7002E6B4A /* PropertyListTests.xctest */ = {isa = PBXFileReference; explicitFileType = wrapper.cfbundle; includeInIndex = 0; path = PropertyListTests.xctest; sourceTree = BUILT_PRODUCTS_DIR; };
		2E2FEE0F2BDE3FD7002E6B4A /* PropertyListLoaderTests.swift */ = {isa = PBXFileReference; lastKnownFileType = sourcecode.swift; path = PropertyListLoaderTests.swift; sourceTree = "<group>"; };
		2E2FEE2D2BDE40F5002E6B4A /* DataLoader.framework */ = {isa = PBXFileReference; explicitFileType = wrapper.framework; includeInIndex = 0; path = DataLoader.framework; sourceTree = BUILT_PRODUCTS_DIR; };
		2E2FEE2F2BDE40F5002E6B4A /* DataLoader.h */ = {isa = PBXFileReference; lastKnownFileType = sourcecode.c.h; path = DataLoader.h; sourceTree = "<group>"; };
		2E2FEE492BDE417C002E6B4A /* DataLoader.swift */ = {isa = PBXFileReference; fileEncoding = 4; lastKnownFileType = sourcecode.swift; path = DataLoader.swift; sourceTree = "<group>"; };
		2E2FEE702BDE4245002E6B4A /* PageLoader.framework */ = {isa = PBXFileReference; explicitFileType = wrapper.framework; includeInIndex = 0; path = PageLoader.framework; sourceTree = BUILT_PRODUCTS_DIR; };
		2E2FEE722BDE4245002E6B4A /* PageLoader.h */ = {isa = PBXFileReference; lastKnownFileType = sourcecode.c.h; path = PageLoader.h; sourceTree = "<group>"; };
		2E2FEE7B2BDE4251002E6B4A /* ErrorView.swift */ = {isa = PBXFileReference; fileEncoding = 4; lastKnownFileType = sourcecode.swift; path = ErrorView.swift; sourceTree = "<group>"; };
		2E2FEE7C2BDE4251002E6B4A /* PageLoader.swift */ = {isa = PBXFileReference; fileEncoding = 4; lastKnownFileType = sourcecode.swift; path = PageLoader.swift; sourceTree = "<group>"; };
		2E2FEE842BDE42F7002E6B4A /* Cache.framework */ = {isa = PBXFileReference; explicitFileType = wrapper.framework; includeInIndex = 0; path = Cache.framework; sourceTree = BUILT_PRODUCTS_DIR; };
		2E2FEE862BDE42F7002E6B4A /* Cache.h */ = {isa = PBXFileReference; lastKnownFileType = sourcecode.c.h; path = Cache.h; sourceTree = "<group>"; };
		2E2FEE8B2BDE42F7002E6B4A /* CacheTests.xctest */ = {isa = PBXFileReference; explicitFileType = wrapper.cfbundle; includeInIndex = 0; path = CacheTests.xctest; sourceTree = BUILT_PRODUCTS_DIR; };
		2E2FEE922BDE42F7002E6B4A /* CacheTests.swift */ = {isa = PBXFileReference; lastKnownFileType = sourcecode.swift; path = CacheTests.swift; sourceTree = "<group>"; };
		2E2FEE9F2BDE4316002E6B4A /* PublisherCache.swift */ = {isa = PBXFileReference; fileEncoding = 4; lastKnownFileType = sourcecode.swift; path = PublisherCache.swift; sourceTree = "<group>"; };
		2E2FEEA02BDE4316002E6B4A /* AnyPublisher+Cache.swift */ = {isa = PBXFileReference; fileEncoding = 4; lastKnownFileType = sourcecode.swift; path = "AnyPublisher+Cache.swift"; sourceTree = "<group>"; };
		2E2FEEA12BDE4316002E6B4A /* Cache.swift */ = {isa = PBXFileReference; fileEncoding = 4; lastKnownFileType = sourcecode.swift; path = Cache.swift; sourceTree = "<group>"; };
		2E2FEEA52BDE432F002E6B4A /* CachedPublisherTests.swift */ = {isa = PBXFileReference; fileEncoding = 4; lastKnownFileType = sourcecode.swift; path = CachedPublisherTests.swift; sourceTree = "<group>"; };
		2E2FEEA82BDE43FC002E6B4A /* PublisherCacheFake.swift */ = {isa = PBXFileReference; fileEncoding = 4; lastKnownFileType = sourcecode.swift; path = PublisherCacheFake.swift; sourceTree = "<group>"; };
		2E2FEEA92BDE43FC002E6B4A /* FileManagerFake.swift */ = {isa = PBXFileReference; fileEncoding = 4; lastKnownFileType = sourcecode.swift; path = FileManagerFake.swift; sourceTree = "<group>"; };
		2E2FEEB02BDE4C42002E6B4A /* PropertyListLoader.swift */ = {isa = PBXFileReference; lastKnownFileType = sourcecode.swift; path = PropertyListLoader.swift; sourceTree = "<group>"; };
		2E2FEEB22BDE4C62002E6B4A /* PropertyListModels.swift */ = {isa = PBXFileReference; lastKnownFileType = sourcecode.swift; path = PropertyListModels.swift; sourceTree = "<group>"; };
		2E2FEEB52BDE5489002E6B4A /* Logger.swift */ = {isa = PBXFileReference; lastKnownFileType = sourcecode.swift; path = Logger.swift; sourceTree = "<group>"; };
		2E2FEEB72BDE57AE002E6B4A /* String+Extensions.swift */ = {isa = PBXFileReference; fileEncoding = 4; lastKnownFileType = sourcecode.swift; path = "String+Extensions.swift"; sourceTree = "<group>"; };
		2E2FEEBA2BDE58D3002E6B4A /* ServiceProvider.swift */ = {isa = PBXFileReference; lastKnownFileType = sourcecode.swift; path = ServiceProvider.swift; sourceTree = "<group>"; };
		2E2FEEBE2BDE5F16002E6B4A /* PageFactory.swift */ = {isa = PBXFileReference; lastKnownFileType = sourcecode.swift; path = PageFactory.swift; sourceTree = "<group>"; };
		2E2FEEC12BDE6030002E6B4A /* PropertyListView.swift */ = {isa = PBXFileReference; lastKnownFileType = sourcecode.swift; path = PropertyListView.swift; sourceTree = "<group>"; };
		2E2FEEC32BDE6045002E6B4A /* PropertyListViewModel.swift */ = {isa = PBXFileReference; lastKnownFileType = sourcecode.swift; path = PropertyListViewModel.swift; sourceTree = "<group>"; };
		2E2FEEC52BDE60E2002E6B4A /* PropertyListPage.swift */ = {isa = PBXFileReference; lastKnownFileType = sourcecode.swift; path = PropertyListPage.swift; sourceTree = "<group>"; };
		2E2FEEC72BDE67FD002E6B4A /* PropertyListPropertyView.swift */ = {isa = PBXFileReference; lastKnownFileType = sourcecode.swift; path = PropertyListPropertyView.swift; sourceTree = "<group>"; };
		2E2FEEC92BDE68EC002E6B4A /* PropertyListAreaView.swift */ = {isa = PBXFileReference; lastKnownFileType = sourcecode.swift; path = PropertyListAreaView.swift; sourceTree = "<group>"; };
		2E2FEECC2BDE7E91002E6B4A /* NavigationCoordinator.swift */ = {isa = PBXFileReference; fileEncoding = 4; lastKnownFileType = sourcecode.swift; path = NavigationCoordinator.swift; sourceTree = "<group>"; };
		2E2FEED82BDE967B002E6B4A /* ImageLoader.framework */ = {isa = PBXFileReference; explicitFileType = wrapper.framework; includeInIndex = 0; path = ImageLoader.framework; sourceTree = BUILT_PRODUCTS_DIR; };
		2E2FEEDA2BDE967B002E6B4A /* ImageLoader.h */ = {isa = PBXFileReference; lastKnownFileType = sourcecode.c.h; path = ImageLoader.h; sourceTree = "<group>"; };
		2E2FEEDF2BDE967B002E6B4A /* ImageLoaderTests.xctest */ = {isa = PBXFileReference; explicitFileType = wrapper.cfbundle; includeInIndex = 0; path = ImageLoaderTests.xctest; sourceTree = BUILT_PRODUCTS_DIR; };
		2E2FEEE62BDE967B002E6B4A /* ImageLoaderTests.swift */ = {isa = PBXFileReference; lastKnownFileType = sourcecode.swift; path = ImageLoaderTests.swift; sourceTree = "<group>"; };
		2E2FEEF32BDE968D002E6B4A /* ImageLoader.swift */ = {isa = PBXFileReference; fileEncoding = 4; lastKnownFileType = sourcecode.swift; path = ImageLoader.swift; sourceTree = "<group>"; };
		2E2FEEF62BDE972A002E6B4A /* ImageView.swift */ = {isa = PBXFileReference; fileEncoding = 4; lastKnownFileType = sourcecode.swift; path = ImageView.swift; sourceTree = "<group>"; };
		2E2FEEFE2BDE98B8002E6B4A /* PropertyListPropertyItem.swift */ = {isa = PBXFileReference; lastKnownFileType = sourcecode.swift; path = PropertyListPropertyItem.swift; sourceTree = "<group>"; };
		2EADFFAE2BE2483C009143B1 /* PropertyList.xctestplan */ = {isa = PBXFileReference; lastKnownFileType = text; path = PropertyList.xctestplan; sourceTree = "<group>"; };
		2EADFFB02BE2518B009143B1 /* CacheFake.swift */ = {isa = PBXFileReference; fileEncoding = 4; lastKnownFileType = sourcecode.swift; path = CacheFake.swift; sourceTree = "<group>"; };
		2EADFFB12BE2518B009143B1 /* ImageLoaderFake.swift */ = {isa = PBXFileReference; fileEncoding = 4; lastKnownFileType = sourcecode.swift; path = ImageLoaderFake.swift; sourceTree = "<group>"; };
		2EADFFB22BE2518B009143B1 /* DataLoaderFake.swift */ = {isa = PBXFileReference; fileEncoding = 4; lastKnownFileType = sourcecode.swift; path = DataLoaderFake.swift; sourceTree = "<group>"; };
		2EADFFB92BE2527A009143B1 /* LoggerFake.swift */ = {isa = PBXFileReference; lastKnownFileType = sourcecode.swift; path = LoggerFake.swift; sourceTree = "<group>"; };
		2EADFFBB2BE25595009143B1 /* Helpers.swift */ = {isa = PBXFileReference; fileEncoding = 4; lastKnownFileType = sourcecode.swift; path = Helpers.swift; sourceTree = "<group>"; };
		2EADFFBE2BE255AD009143B1 /* properties.json */ = {isa = PBXFileReference; fileEncoding = 4; lastKnownFileType = text.json; path = properties.json; sourceTree = "<group>"; };
		2EADFFC02BE36610009143B1 /* PropertyListViewModelTests.swift */ = {isa = PBXFileReference; fileEncoding = 4; lastKnownFileType = sourcecode.swift; path = PropertyListViewModelTests.swift; sourceTree = "<group>"; };
		2EADFFC22BE36651009143B1 /* PropertyListLoaderFake.swift */ = {isa = PBXFileReference; lastKnownFileType = sourcecode.swift; path = PropertyListLoaderFake.swift; sourceTree = "<group>"; };
		2EADFFC42BE41D6C009143B1 /* ImageViewModel.swift */ = {isa = PBXFileReference; lastKnownFileType = sourcecode.swift; path = ImageViewModel.swift; sourceTree = "<group>"; };
/* End PBXFileReference section */

/* Begin PBXFrameworksBuildPhase section */
		2E2FEDF82BDE3FD6002E6B4A /* Frameworks */ = {
			isa = PBXFrameworksBuildPhase;
			buildActionMask = 2147483647;
			files = (
				2E2FEE762BDE4245002E6B4A /* PageLoader.framework in Frameworks */,
				2E2FEE402BDE40F5002E6B4A /* DataLoader.framework in Frameworks */,
				2E2FEE972BDE42F7002E6B4A /* Cache.framework in Frameworks */,
				2E2FEEEB2BDE967B002E6B4A /* ImageLoader.framework in Frameworks */,
			);
			runOnlyForDeploymentPostprocessing = 0;
		};
		2E2FEE082BDE3FD7002E6B4A /* Frameworks */ = {
			isa = PBXFrameworksBuildPhase;
			buildActionMask = 2147483647;
			files = (
			);
			runOnlyForDeploymentPostprocessing = 0;
		};
		2E2FEE2A2BDE40F5002E6B4A /* Frameworks */ = {
			isa = PBXFrameworksBuildPhase;
			buildActionMask = 2147483647;
			files = (
			);
			runOnlyForDeploymentPostprocessing = 0;
		};
		2E2FEE6D2BDE4245002E6B4A /* Frameworks */ = {
			isa = PBXFrameworksBuildPhase;
			buildActionMask = 2147483647;
			files = (
			);
			runOnlyForDeploymentPostprocessing = 0;
		};
		2E2FEE812BDE42F7002E6B4A /* Frameworks */ = {
			isa = PBXFrameworksBuildPhase;
			buildActionMask = 2147483647;
			files = (
			);
			runOnlyForDeploymentPostprocessing = 0;
		};
		2E2FEE882BDE42F7002E6B4A /* Frameworks */ = {
			isa = PBXFrameworksBuildPhase;
			buildActionMask = 2147483647;
			files = (
				2E2FEE8C2BDE42F7002E6B4A /* Cache.framework in Frameworks */,
			);
			runOnlyForDeploymentPostprocessing = 0;
		};
		2E2FEED52BDE967B002E6B4A /* Frameworks */ = {
			isa = PBXFrameworksBuildPhase;
			buildActionMask = 2147483647;
			files = (
				2E2FEEF92BDE9833002E6B4A /* Cache.framework in Frameworks */,
			);
			runOnlyForDeploymentPostprocessing = 0;
		};
		2E2FEEDC2BDE967B002E6B4A /* Frameworks */ = {
			isa = PBXFrameworksBuildPhase;
			buildActionMask = 2147483647;
			files = (
				2E2FEEE02BDE967B002E6B4A /* ImageLoader.framework in Frameworks */,
			);
			runOnlyForDeploymentPostprocessing = 0;
		};
/* End PBXFrameworksBuildPhase section */

/* Begin PBXGroup section */
		2E121E2A2BE1462A00A3E108 /* PropertyLoader */ = {
			isa = PBXGroup;
			children = (
				2E121E2B2BE1464000A3E108 /* PropertyLoader.swift */,
				2E121E2D2BE1480D00A3E108 /* PropertyModels.swift */,
			);
			path = PropertyLoader;
			sourceTree = "<group>";
		};
		2E121E2F2BE14AC200A3E108 /* Property Details */ = {
			isa = PBXGroup;
			children = (
				2E121E342BE14EC100A3E108 /* PropertyDetailsPage.swift */,
				2E121E302BE14AD700A3E108 /* PropertyDetailsView.swift */,
				2E121E322BE14B8B00A3E108 /* PropertyDetailsViewModel.swift */,
				2E121E2A2BE1462A00A3E108 /* PropertyLoader */,
			);
			path = "Property Details";
			sourceTree = "<group>";
		};
		2E2FEDF22BDE3FD6002E6B4A = {
			isa = PBXGroup;
			children = (
				2E2FEDFD2BDE3FD6002E6B4A /* PropertyList */,
				2E2FEE2E2BDE40F5002E6B4A /* DataLoader */,
				2E2FEE712BDE4245002E6B4A /* PageLoader */,
				2E2FEE852BDE42F7002E6B4A /* Cache */,
				2E2FEED92BDE967B002E6B4A /* ImageLoader */,
				2E2FEDFC2BDE3FD6002E6B4A /* Products */,
				2E2FEEF82BDE9833002E6B4A /* Frameworks */,
			);
			sourceTree = "<group>";
		};
		2E2FEDFC2BDE3FD6002E6B4A /* Products */ = {
			isa = PBXGroup;
			children = (
				2E2FEDFB2BDE3FD6002E6B4A /* PropertyList.app */,
				2E2FEE0B2BDE3FD7002E6B4A /* PropertyListTests.xctest */,
				2E2FEE2D2BDE40F5002E6B4A /* DataLoader.framework */,
				2E2FEE702BDE4245002E6B4A /* PageLoader.framework */,
				2E2FEE842BDE42F7002E6B4A /* Cache.framework */,
				2E2FEE8B2BDE42F7002E6B4A /* CacheTests.xctest */,
				2E2FEED82BDE967B002E6B4A /* ImageLoader.framework */,
				2E2FEEDF2BDE967B002E6B4A /* ImageLoaderTests.xctest */,
			);
			name = Products;
			sourceTree = "<group>";
		};
		2E2FEDFD2BDE3FD6002E6B4A /* PropertyList */ = {
			isa = PBXGroup;
			children = (
				2E2FEDFE2BDE3FD6002E6B4A /* PropertyListApp.swift */,
				2E2FEEBD2BDE5EFA002E6B4A /* Views */,
				2E2FEEB92BDE58C2002E6B4A /* ServiceProvider */,
				2E2FEEB42BDE5470002E6B4A /* Utilities */,
				2E2FEEAE2BDE4674002E6B4A /* Assets */,
				2E2FEE0E2BDE3FD7002E6B4A /* Tests */,
			);
			path = PropertyList;
			sourceTree = "<group>";
		};
		2E2FEE042BDE3FD7002E6B4A /* Preview Content */ = {
			isa = PBXGroup;
			children = (
				2E2FEE052BDE3FD7002E6B4A /* Preview Assets.xcassets */,
			);
			path = "Preview Content";
			sourceTree = "<group>";
		};
		2E2FEE0E2BDE3FD7002E6B4A /* Tests */ = {
			isa = PBXGroup;
			children = (
				2E2FEE0F2BDE3FD7002E6B4A /* PropertyListLoaderTests.swift */,
				2EADFFC02BE36610009143B1 /* PropertyListViewModelTests.swift */,
				2EADFFBB2BE25595009143B1 /* Helpers.swift */,
				2EADFFAF2BE2514C009143B1 /* Fakes */,
				2EADFFBD2BE2559D009143B1 /* Data */,
				2EADFFAE2BE2483C009143B1 /* PropertyList.xctestplan */,
			);
			path = Tests;
			sourceTree = "<group>";
		};
		2E2FEE2E2BDE40F5002E6B4A /* DataLoader */ = {
			isa = PBXGroup;
			children = (
				2E2FEE492BDE417C002E6B4A /* DataLoader.swift */,
				2E2FEE2F2BDE40F5002E6B4A /* DataLoader.h */,
			);
			path = DataLoader;
			sourceTree = "<group>";
		};
		2E2FEE712BDE4245002E6B4A /* PageLoader */ = {
			isa = PBXGroup;
			children = (
				2E2FEE7B2BDE4251002E6B4A /* ErrorView.swift */,
				2E2FEE7C2BDE4251002E6B4A /* PageLoader.swift */,
				2E2FEE722BDE4245002E6B4A /* PageLoader.h */,
			);
			path = PageLoader;
			sourceTree = "<group>";
		};
		2E2FEE852BDE42F7002E6B4A /* Cache */ = {
			isa = PBXGroup;
			children = (
				2E2FEEA02BDE4316002E6B4A /* AnyPublisher+Cache.swift */,
				2E2FEEA12BDE4316002E6B4A /* Cache.swift */,
				2E2FEE9F2BDE4316002E6B4A /* PublisherCache.swift */,
				2E2FEE862BDE42F7002E6B4A /* Cache.h */,
				2E2FEE912BDE42F7002E6B4A /* Tests */,
			);
			path = Cache;
			sourceTree = "<group>";
		};
		2E2FEE912BDE42F7002E6B4A /* Tests */ = {
			isa = PBXGroup;
			children = (
				2E2FEE922BDE42F7002E6B4A /* CacheTests.swift */,
				2E2FEEA52BDE432F002E6B4A /* CachedPublisherTests.swift */,
				2E2FEEA72BDE43ED002E6B4A /* Fakes */,
			);
			path = Tests;
			sourceTree = "<group>";
		};
		2E2FEEA72BDE43ED002E6B4A /* Fakes */ = {
			isa = PBXGroup;
			children = (
				2E2FEEA92BDE43FC002E6B4A /* FileManagerFake.swift */,
				2E2FEEA82BDE43FC002E6B4A /* PublisherCacheFake.swift */,
			);
			path = Fakes;
			sourceTree = "<group>";
		};
		2E2FEEAE2BDE4674002E6B4A /* Assets */ = {
			isa = PBXGroup;
			children = (
				2E2FEE022BDE3FD7002E6B4A /* Assets.xcassets */,
				2E2FEE042BDE3FD7002E6B4A /* Preview Content */,
			);
			name = Assets;
			sourceTree = "<group>";
		};
		2E2FEEAF2BDE4686002E6B4A /* PropertyListLoader */ = {
			isa = PBXGroup;
			children = (
				2E2FEEB02BDE4C42002E6B4A /* PropertyListLoader.swift */,
				2E2FEEB22BDE4C62002E6B4A /* PropertyListModels.swift */,
			);
			path = PropertyListLoader;
			sourceTree = "<group>";
		};
		2E2FEEB42BDE5470002E6B4A /* Utilities */ = {
			isa = PBXGroup;
			children = (
				2E2FEEB72BDE57AE002E6B4A /* String+Extensions.swift */,
				2E2FEEB52BDE5489002E6B4A /* Logger.swift */,
				2E121E362BE23DDB00A3E108 /* Theme.swift */,
			);
			path = Utilities;
			sourceTree = "<group>";
		};
		2E2FEEB92BDE58C2002E6B4A /* ServiceProvider */ = {
			isa = PBXGroup;
			children = (
				2E2FEEBA2BDE58D3002E6B4A /* ServiceProvider.swift */,
			);
			path = ServiceProvider;
			sourceTree = "<group>";
		};
		2E2FEEBD2BDE5EFA002E6B4A /* Views */ = {
			isa = PBXGroup;
			children = (
				2E2FEECB2BDE7E77002E6B4A /* Navigation */,
				2E2FEEF52BDE970A002E6B4A /* Images */,
				2E2FEEC02BDE601C002E6B4A /* Property List */,
				2E121E2F2BE14AC200A3E108 /* Property Details */,
			);
			path = Views;
			sourceTree = "<group>";
		};
		2E2FEEC02BDE601C002E6B4A /* Property List */ = {
			isa = PBXGroup;
			children = (
				2E2FEEC52BDE60E2002E6B4A /* PropertyListPage.swift */,
				2E2FEEC12BDE6030002E6B4A /* PropertyListView.swift */,
				2E2FEEC32BDE6045002E6B4A /* PropertyListViewModel.swift */,
				2E2FEECE2BDE83D4002E6B4A /* Items */,
				2E2FEEAF2BDE4686002E6B4A /* PropertyListLoader */,
			);
			path = "Property List";
			sourceTree = "<group>";
		};
		2E2FEECB2BDE7E77002E6B4A /* Navigation */ = {
			isa = PBXGroup;
			children = (
				2E2FEEBE2BDE5F16002E6B4A /* PageFactory.swift */,
				2E2FEECC2BDE7E91002E6B4A /* NavigationCoordinator.swift */,
			);
			path = Navigation;
			sourceTree = "<group>";
		};
		2E2FEECE2BDE83D4002E6B4A /* Items */ = {
			isa = PBXGroup;
			children = (
				2E2FEEC72BDE67FD002E6B4A /* PropertyListPropertyView.swift */,
				2E2FEEFE2BDE98B8002E6B4A /* PropertyListPropertyItem.swift */,
				2E2FEEC92BDE68EC002E6B4A /* PropertyListAreaView.swift */,
			);
			path = Items;
			sourceTree = "<group>";
		};
		2E2FEED92BDE967B002E6B4A /* ImageLoader */ = {
			isa = PBXGroup;
			children = (
				2E2FEEF32BDE968D002E6B4A /* ImageLoader.swift */,
				2E2FEEDA2BDE967B002E6B4A /* ImageLoader.h */,
				2E2FEEE52BDE967B002E6B4A /* Tests */,
			);
			path = ImageLoader;
			sourceTree = "<group>";
		};
		2E2FEEE52BDE967B002E6B4A /* Tests */ = {
			isa = PBXGroup;
			children = (
				2E2FEEE62BDE967B002E6B4A /* ImageLoaderTests.swift */,
			);
			path = Tests;
			sourceTree = "<group>";
		};
		2E2FEEF52BDE970A002E6B4A /* Images */ = {
			isa = PBXGroup;
			children = (
				2E2FEEF62BDE972A002E6B4A /* ImageView.swift */,
				2EADFFC42BE41D6C009143B1 /* ImageViewModel.swift */,
			);
			path = Images;
			sourceTree = "<group>";
		};
		2E2FEEF82BDE9833002E6B4A /* Frameworks */ = {
			isa = PBXGroup;
			children = (
			);
			name = Frameworks;
			sourceTree = "<group>";
		};
		2EADFFAF2BE2514C009143B1 /* Fakes */ = {
			isa = PBXGroup;
			children = (
				2EADFFB02BE2518B009143B1 /* CacheFake.swift */,
				2EADFFB22BE2518B009143B1 /* DataLoaderFake.swift */,
				2EADFFB12BE2518B009143B1 /* ImageLoaderFake.swift */,
				2EADFFB92BE2527A009143B1 /* LoggerFake.swift */,
				2EADFFC22BE36651009143B1 /* PropertyListLoaderFake.swift */,
			);
			path = Fakes;
			sourceTree = "<group>";
		};
		2EADFFBD2BE2559D009143B1 /* Data */ = {
			isa = PBXGroup;
			children = (
				2EADFFBE2BE255AD009143B1 /* properties.json */,
			);
			path = Data;
			sourceTree = "<group>";
		};
/* End PBXGroup section */

/* Begin PBXHeadersBuildPhase section */
		2E2FEE282BDE40F5002E6B4A /* Headers */ = {
			isa = PBXHeadersBuildPhase;
			buildActionMask = 2147483647;
			files = (
				2E2FEE3D2BDE40F5002E6B4A /* DataLoader.h in Headers */,
			);
			runOnlyForDeploymentPostprocessing = 0;
		};
		2E2FEE6B2BDE4245002E6B4A /* Headers */ = {
			isa = PBXHeadersBuildPhase;
			buildActionMask = 2147483647;
			files = (
				2E2FEE732BDE4245002E6B4A /* PageLoader.h in Headers */,
			);
			runOnlyForDeploymentPostprocessing = 0;
		};
		2E2FEE7F2BDE42F7002E6B4A /* Headers */ = {
			isa = PBXHeadersBuildPhase;
			buildActionMask = 2147483647;
			files = (
				2E2FEE942BDE42F7002E6B4A /* Cache.h in Headers */,
			);
			runOnlyForDeploymentPostprocessing = 0;
		};
		2E2FEED32BDE967B002E6B4A /* Headers */ = {
			isa = PBXHeadersBuildPhase;
			buildActionMask = 2147483647;
			files = (
				2E2FEEE82BDE967B002E6B4A /* ImageLoader.h in Headers */,
			);
			runOnlyForDeploymentPostprocessing = 0;
		};
/* End PBXHeadersBuildPhase section */

/* Begin PBXNativeTarget section */
		2E2FEDFA2BDE3FD6002E6B4A /* PropertyList */ = {
			isa = PBXNativeTarget;
			buildConfigurationList = 2E2FEE1F2BDE3FD7002E6B4A /* Build configuration list for PBXNativeTarget "PropertyList" */;
			buildPhases = (
				2E2FEDF72BDE3FD6002E6B4A /* Sources */,
				2E2FEDF82BDE3FD6002E6B4A /* Frameworks */,
				2E2FEDF92BDE3FD6002E6B4A /* Resources */,
				2E2FEE452BDE40F5002E6B4A /* Embed Frameworks */,
			);
			buildRules = (
			);
			dependencies = (
				2E2FEE3F2BDE40F5002E6B4A /* PBXTargetDependency */,
				2E2FEE752BDE4245002E6B4A /* PBXTargetDependency */,
				2E2FEE962BDE42F7002E6B4A /* PBXTargetDependency */,
				2E2FEEEA2BDE967B002E6B4A /* PBXTargetDependency */,
			);
			name = PropertyList;
			productName = PropertyList;
			productReference = 2E2FEDFB2BDE3FD6002E6B4A /* PropertyList.app */;
			productType = "com.apple.product-type.application";
		};
		2E2FEE0A2BDE3FD7002E6B4A /* PropertyListTests */ = {
			isa = PBXNativeTarget;
			buildConfigurationList = 2E2FEE222BDE3FD7002E6B4A /* Build configuration list for PBXNativeTarget "PropertyListTests" */;
			buildPhases = (
				2E2FEE072BDE3FD7002E6B4A /* Sources */,
				2E2FEE082BDE3FD7002E6B4A /* Frameworks */,
				2E2FEE092BDE3FD7002E6B4A /* Resources */,
			);
			buildRules = (
			);
			dependencies = (
				2E2FEE0D2BDE3FD7002E6B4A /* PBXTargetDependency */,
			);
			name = PropertyListTests;
			productName = PropertyListTests;
			productReference = 2E2FEE0B2BDE3FD7002E6B4A /* PropertyListTests.xctest */;
			productType = "com.apple.product-type.bundle.unit-test";
		};
		2E2FEE2C2BDE40F5002E6B4A /* DataLoader */ = {
			isa = PBXNativeTarget;
			buildConfigurationList = 2E2FEE422BDE40F5002E6B4A /* Build configuration list for PBXNativeTarget "DataLoader" */;
			buildPhases = (
				2E2FEE282BDE40F5002E6B4A /* Headers */,
				2E2FEE292BDE40F5002E6B4A /* Sources */,
				2E2FEE2A2BDE40F5002E6B4A /* Frameworks */,
				2E2FEE2B2BDE40F5002E6B4A /* Resources */,
			);
			buildRules = (
			);
			dependencies = (
			);
			name = DataLoader;
			productName = DataLoader;
			productReference = 2E2FEE2D2BDE40F5002E6B4A /* DataLoader.framework */;
			productType = "com.apple.product-type.framework";
		};
		2E2FEE6F2BDE4245002E6B4A /* PageLoader */ = {
			isa = PBXNativeTarget;
			buildConfigurationList = 2E2FEE7A2BDE4245002E6B4A /* Build configuration list for PBXNativeTarget "PageLoader" */;
			buildPhases = (
				2E2FEE6B2BDE4245002E6B4A /* Headers */,
				2E2FEE6C2BDE4245002E6B4A /* Sources */,
				2E2FEE6D2BDE4245002E6B4A /* Frameworks */,
				2E2FEE6E2BDE4245002E6B4A /* Resources */,
			);
			buildRules = (
			);
			dependencies = (
			);
			name = PageLoader;
			productName = PageLoader;
			productReference = 2E2FEE702BDE4245002E6B4A /* PageLoader.framework */;
			productType = "com.apple.product-type.framework";
		};
		2E2FEE832BDE42F7002E6B4A /* Cache */ = {
			isa = PBXNativeTarget;
			buildConfigurationList = 2E2FEE992BDE42F7002E6B4A /* Build configuration list for PBXNativeTarget "Cache" */;
			buildPhases = (
				2E2FEE7F2BDE42F7002E6B4A /* Headers */,
				2E2FEE802BDE42F7002E6B4A /* Sources */,
				2E2FEE812BDE42F7002E6B4A /* Frameworks */,
				2E2FEE822BDE42F7002E6B4A /* Resources */,
			);
			buildRules = (
			);
			dependencies = (
			);
			name = Cache;
			productName = Cache;
			productReference = 2E2FEE842BDE42F7002E6B4A /* Cache.framework */;
			productType = "com.apple.product-type.framework";
		};
		2E2FEE8A2BDE42F7002E6B4A /* CacheTests */ = {
			isa = PBXNativeTarget;
			buildConfigurationList = 2E2FEE9C2BDE42F7002E6B4A /* Build configuration list for PBXNativeTarget "CacheTests" */;
			buildPhases = (
				2E2FEE872BDE42F7002E6B4A /* Sources */,
				2E2FEE882BDE42F7002E6B4A /* Frameworks */,
				2E2FEE892BDE42F7002E6B4A /* Resources */,
			);
			buildRules = (
			);
			dependencies = (
				2E2FEE8E2BDE42F7002E6B4A /* PBXTargetDependency */,
				2E2FEE902BDE42F7002E6B4A /* PBXTargetDependency */,
			);
			name = CacheTests;
			productName = CacheTests;
			productReference = 2E2FEE8B2BDE42F7002E6B4A /* CacheTests.xctest */;
			productType = "com.apple.product-type.bundle.unit-test";
		};
		2E2FEED72BDE967B002E6B4A /* ImageLoader */ = {
			isa = PBXNativeTarget;
			buildConfigurationList = 2E2FEEED2BDE967B002E6B4A /* Build configuration list for PBXNativeTarget "ImageLoader" */;
			buildPhases = (
				2E2FEED32BDE967B002E6B4A /* Headers */,
				2E2FEED42BDE967B002E6B4A /* Sources */,
				2E2FEED52BDE967B002E6B4A /* Frameworks */,
				2E2FEED62BDE967B002E6B4A /* Resources */,
				2E2FEEFD2BDE9833002E6B4A /* Embed Frameworks */,
			);
			buildRules = (
			);
			dependencies = (
				2E2FEEFC2BDE9833002E6B4A /* PBXTargetDependency */,
			);
			name = ImageLoader;
			productName = ImageLoader;
			productReference = 2E2FEED82BDE967B002E6B4A /* ImageLoader.framework */;
			productType = "com.apple.product-type.framework";
		};
		2E2FEEDE2BDE967B002E6B4A /* ImageLoaderTests */ = {
			isa = PBXNativeTarget;
			buildConfigurationList = 2E2FEEF02BDE967B002E6B4A /* Build configuration list for PBXNativeTarget "ImageLoaderTests" */;
			buildPhases = (
				2E2FEEDB2BDE967B002E6B4A /* Sources */,
				2E2FEEDC2BDE967B002E6B4A /* Frameworks */,
				2E2FEEDD2BDE967B002E6B4A /* Resources */,
			);
			buildRules = (
			);
			dependencies = (
				2E2FEEE22BDE967B002E6B4A /* PBXTargetDependency */,
				2E2FEEE42BDE967B002E6B4A /* PBXTargetDependency */,
			);
			name = ImageLoaderTests;
			productName = ImageLoaderTests;
			productReference = 2E2FEEDF2BDE967B002E6B4A /* ImageLoaderTests.xctest */;
			productType = "com.apple.product-type.bundle.unit-test";
		};
/* End PBXNativeTarget section */

/* Begin PBXProject section */
		2E2FEDF32BDE3FD6002E6B4A /* Project object */ = {
			isa = PBXProject;
			attributes = {
				BuildIndependentTargetsInParallel = 1;
				LastSwiftUpdateCheck = 1510;
				LastUpgradeCheck = 1510;
				TargetAttributes = {
					2E2FEDFA2BDE3FD6002E6B4A = {
						CreatedOnToolsVersion = 15.1;
					};
					2E2FEE0A2BDE3FD7002E6B4A = {
						CreatedOnToolsVersion = 15.1;
						TestTargetID = 2E2FEDFA2BDE3FD6002E6B4A;
					};
					2E2FEE2C2BDE40F5002E6B4A = {
						CreatedOnToolsVersion = 15.1;
						LastSwiftMigration = 1510;
					};
					2E2FEE6F2BDE4245002E6B4A = {
						CreatedOnToolsVersion = 15.1;
						LastSwiftMigration = 1510;
					};
					2E2FEE832BDE42F7002E6B4A = {
						CreatedOnToolsVersion = 15.1;
						LastSwiftMigration = 1510;
					};
					2E2FEE8A2BDE42F7002E6B4A = {
						CreatedOnToolsVersion = 15.1;
						TestTargetID = 2E2FEDFA2BDE3FD6002E6B4A;
					};
					2E2FEED72BDE967B002E6B4A = {
						CreatedOnToolsVersion = 15.1;
						LastSwiftMigration = 1510;
					};
					2E2FEEDE2BDE967B002E6B4A = {
						CreatedOnToolsVersion = 15.1;
						TestTargetID = 2E2FEDFA2BDE3FD6002E6B4A;
					};
				};
			};
			buildConfigurationList = 2E2FEDF62BDE3FD6002E6B4A /* Build configuration list for PBXProject "PropertyList" */;
			compatibilityVersion = "Xcode 14.0";
			developmentRegion = en;
			hasScannedForEncodings = 0;
			knownRegions = (
				en,
				Base,
			);
			mainGroup = 2E2FEDF22BDE3FD6002E6B4A;
			productRefGroup = 2E2FEDFC2BDE3FD6002E6B4A /* Products */;
			projectDirPath = "";
			projectRoot = "";
			targets = (
				2E2FEDFA2BDE3FD6002E6B4A /* PropertyList */,
				2E2FEE0A2BDE3FD7002E6B4A /* PropertyListTests */,
				2E2FEE2C2BDE40F5002E6B4A /* DataLoader */,
				2E2FEE6F2BDE4245002E6B4A /* PageLoader */,
				2E2FEE832BDE42F7002E6B4A /* Cache */,
				2E2FEE8A2BDE42F7002E6B4A /* CacheTests */,
				2E2FEED72BDE967B002E6B4A /* ImageLoader */,
				2E2FEEDE2BDE967B002E6B4A /* ImageLoaderTests */,
			);
		};
/* End PBXProject section */

/* Begin PBXResourcesBuildPhase section */
		2E2FEDF92BDE3FD6002E6B4A /* Resources */ = {
			isa = PBXResourcesBuildPhase;
			buildActionMask = 2147483647;
			files = (
				2E2FEE062BDE3FD7002E6B4A /* Preview Assets.xcassets in Resources */,
				2E2FEE032BDE3FD7002E6B4A /* Assets.xcassets in Resources */,
			);
			runOnlyForDeploymentPostprocessing = 0;
		};
		2E2FEE092BDE3FD7002E6B4A /* Resources */ = {
			isa = PBXResourcesBuildPhase;
			buildActionMask = 2147483647;
			files = (
				2EADFFBF2BE255AD009143B1 /* properties.json in Resources */,
			);
			runOnlyForDeploymentPostprocessing = 0;
		};
		2E2FEE2B2BDE40F5002E6B4A /* Resources */ = {
			isa = PBXResourcesBuildPhase;
			buildActionMask = 2147483647;
			files = (
			);
			runOnlyForDeploymentPostprocessing = 0;
		};
		2E2FEE6E2BDE4245002E6B4A /* Resources */ = {
			isa = PBXResourcesBuildPhase;
			buildActionMask = 2147483647;
			files = (
			);
			runOnlyForDeploymentPostprocessing = 0;
		};
		2E2FEE822BDE42F7002E6B4A /* Resources */ = {
			isa = PBXResourcesBuildPhase;
			buildActionMask = 2147483647;
			files = (
			);
			runOnlyForDeploymentPostprocessing = 0;
		};
		2E2FEE892BDE42F7002E6B4A /* Resources */ = {
			isa = PBXResourcesBuildPhase;
			buildActionMask = 2147483647;
			files = (
			);
			runOnlyForDeploymentPostprocessing = 0;
		};
		2E2FEED62BDE967B002E6B4A /* Resources */ = {
			isa = PBXResourcesBuildPhase;
			buildActionMask = 2147483647;
			files = (
			);
			runOnlyForDeploymentPostprocessing = 0;
		};
		2E2FEEDD2BDE967B002E6B4A /* Resources */ = {
			isa = PBXResourcesBuildPhase;
			buildActionMask = 2147483647;
			files = (
			);
			runOnlyForDeploymentPostprocessing = 0;
		};
/* End PBXResourcesBuildPhase section */

/* Begin PBXSourcesBuildPhase section */
		2E2FEDF72BDE3FD6002E6B4A /* Sources */ = {
			isa = PBXSourcesBuildPhase;
			buildActionMask = 2147483647;
			files = (
				2E121E2E2BE1480D00A3E108 /* PropertyModels.swift in Sources */,
				2E2FEEB62BDE5489002E6B4A /* Logger.swift in Sources */,
				2E121E312BE14AD700A3E108 /* PropertyDetailsView.swift in Sources */,
				2E2FEEC22BDE6030002E6B4A /* PropertyListView.swift in Sources */,
				2E121E332BE14B8B00A3E108 /* PropertyDetailsViewModel.swift in Sources */,
				2E2FEEFF2BDE98B8002E6B4A /* PropertyListPropertyItem.swift in Sources */,
				2E121E372BE23DDB00A3E108 /* Theme.swift in Sources */,
				2E2FEEC82BDE67FD002E6B4A /* PropertyListPropertyView.swift in Sources */,
				2E2FEECD2BDE7E91002E6B4A /* NavigationCoordinator.swift in Sources */,
				2E2FEEBF2BDE5F16002E6B4A /* PageFactory.swift in Sources */,
				2E2FEEB32BDE4C62002E6B4A /* PropertyListModels.swift in Sources */,
				2E2FEEBB2BDE58D3002E6B4A /* ServiceProvider.swift in Sources */,
				2E2FEEC42BDE6045002E6B4A /* PropertyListViewModel.swift in Sources */,
				2E121E352BE14EC100A3E108 /* PropertyDetailsPage.swift in Sources */,
				2E2FEEF72BDE972A002E6B4A /* ImageView.swift in Sources */,
				2E2FEECA2BDE68EC002E6B4A /* PropertyListAreaView.swift in Sources */,
				2E121E2C2BE1464000A3E108 /* PropertyLoader.swift in Sources */,
				2E2FEEC62BDE60E2002E6B4A /* PropertyListPage.swift in Sources */,
				2E2FEEB12BDE4C42002E6B4A /* PropertyListLoader.swift in Sources */,
				2E2FEEB82BDE57AE002E6B4A /* String+Extensions.swift in Sources */,
				2EADFFC52BE41D6C009143B1 /* ImageViewModel.swift in Sources */,
				2E2FEDFF2BDE3FD6002E6B4A /* PropertyListApp.swift in Sources */,
			);
			runOnlyForDeploymentPostprocessing = 0;
		};
		2E2FEE072BDE3FD7002E6B4A /* Sources */ = {
			isa = PBXSourcesBuildPhase;
			buildActionMask = 2147483647;
			files = (
				2E2FEE102BDE3FD7002E6B4A /* PropertyListLoaderTests.swift in Sources */,
				2EADFFC12BE36610009143B1 /* PropertyListViewModelTests.swift in Sources */,
				2EADFFBC2BE25595009143B1 /* Helpers.swift in Sources */,
				2EADFFB62BE251AD009143B1 /* ImageLoaderFake.swift in Sources */,
				2EADFFB72BE251AD009143B1 /* CacheFake.swift in Sources */,
				2EADFFBA2BE2527A009143B1 /* LoggerFake.swift in Sources */,
				2EADFFC32BE36651009143B1 /* PropertyListLoaderFake.swift in Sources */,
				2EADFFB82BE251AD009143B1 /* DataLoaderFake.swift in Sources */,
			);
			runOnlyForDeploymentPostprocessing = 0;
		};
		2E2FEE292BDE40F5002E6B4A /* Sources */ = {
			isa = PBXSourcesBuildPhase;
			buildActionMask = 2147483647;
			files = (
				2E2FEE4A2BDE417C002E6B4A /* DataLoader.swift in Sources */,
			);
			runOnlyForDeploymentPostprocessing = 0;
		};
		2E2FEE6C2BDE4245002E6B4A /* Sources */ = {
			isa = PBXSourcesBuildPhase;
			buildActionMask = 2147483647;
			files = (
				2E2FEE7D2BDE4251002E6B4A /* ErrorView.swift in Sources */,
				2E2FEE7E2BDE4251002E6B4A /* PageLoader.swift in Sources */,
			);
			runOnlyForDeploymentPostprocessing = 0;
		};
		2E2FEE802BDE42F7002E6B4A /* Sources */ = {
			isa = PBXSourcesBuildPhase;
			buildActionMask = 2147483647;
			files = (
				2E2FEEA32BDE4316002E6B4A /* AnyPublisher+Cache.swift in Sources */,
				2E2FEEA42BDE4316002E6B4A /* Cache.swift in Sources */,
				2E2FEEA22BDE4316002E6B4A /* PublisherCache.swift in Sources */,
			);
			runOnlyForDeploymentPostprocessing = 0;
		};
		2E2FEE872BDE42F7002E6B4A /* Sources */ = {
			isa = PBXSourcesBuildPhase;
			buildActionMask = 2147483647;
			files = (
				2E2FEEA62BDE432F002E6B4A /* CachedPublisherTests.swift in Sources */,
				2E2FEEAA2BDE43FC002E6B4A /* PublisherCacheFake.swift in Sources */,
				2E2FEEAB2BDE43FC002E6B4A /* FileManagerFake.swift in Sources */,
				2E2FEE932BDE42F7002E6B4A /* CacheTests.swift in Sources */,
			);
			runOnlyForDeploymentPostprocessing = 0;
		};
		2E2FEED42BDE967B002E6B4A /* Sources */ = {
			isa = PBXSourcesBuildPhase;
			buildActionMask = 2147483647;
			files = (
				2E2FEEF42BDE968D002E6B4A /* ImageLoader.swift in Sources */,
			);
			runOnlyForDeploymentPostprocessing = 0;
		};
		2E2FEEDB2BDE967B002E6B4A /* Sources */ = {
			isa = PBXSourcesBuildPhase;
			buildActionMask = 2147483647;
			files = (
				2E2FEEE72BDE967B002E6B4A /* ImageLoaderTests.swift in Sources */,
			);
			runOnlyForDeploymentPostprocessing = 0;
		};
/* End PBXSourcesBuildPhase section */

/* Begin PBXTargetDependency section */
		2E2FEE0D2BDE3FD7002E6B4A /* PBXTargetDependency */ = {
			isa = PBXTargetDependency;
			target = 2E2FEDFA2BDE3FD6002E6B4A /* PropertyList */;
			targetProxy = 2E2FEE0C2BDE3FD7002E6B4A /* PBXContainerItemProxy */;
		};
		2E2FEE3F2BDE40F5002E6B4A /* PBXTargetDependency */ = {
			isa = PBXTargetDependency;
			target = 2E2FEE2C2BDE40F5002E6B4A /* DataLoader */;
			targetProxy = 2E2FEE3E2BDE40F5002E6B4A /* PBXContainerItemProxy */;
		};
		2E2FEE752BDE4245002E6B4A /* PBXTargetDependency */ = {
			isa = PBXTargetDependency;
			target = 2E2FEE6F2BDE4245002E6B4A /* PageLoader */;
			targetProxy = 2E2FEE742BDE4245002E6B4A /* PBXContainerItemProxy */;
		};
		2E2FEE8E2BDE42F7002E6B4A /* PBXTargetDependency */ = {
			isa = PBXTargetDependency;
			target = 2E2FEE832BDE42F7002E6B4A /* Cache */;
			targetProxy = 2E2FEE8D2BDE42F7002E6B4A /* PBXContainerItemProxy */;
		};
		2E2FEE902BDE42F7002E6B4A /* PBXTargetDependency */ = {
			isa = PBXTargetDependency;
			target = 2E2FEDFA2BDE3FD6002E6B4A /* PropertyList */;
			targetProxy = 2E2FEE8F2BDE42F7002E6B4A /* PBXContainerItemProxy */;
		};
		2E2FEE962BDE42F7002E6B4A /* PBXTargetDependency */ = {
			isa = PBXTargetDependency;
			target = 2E2FEE832BDE42F7002E6B4A /* Cache */;
			targetProxy = 2E2FEE952BDE42F7002E6B4A /* PBXContainerItemProxy */;
		};
		2E2FEEE22BDE967B002E6B4A /* PBXTargetDependency */ = {
			isa = PBXTargetDependency;
			target = 2E2FEED72BDE967B002E6B4A /* ImageLoader */;
			targetProxy = 2E2FEEE12BDE967B002E6B4A /* PBXContainerItemProxy */;
		};
		2E2FEEE42BDE967B002E6B4A /* PBXTargetDependency */ = {
			isa = PBXTargetDependency;
			target = 2E2FEDFA2BDE3FD6002E6B4A /* PropertyList */;
			targetProxy = 2E2FEEE32BDE967B002E6B4A /* PBXContainerItemProxy */;
		};
		2E2FEEEA2BDE967B002E6B4A /* PBXTargetDependency */ = {
			isa = PBXTargetDependency;
			target = 2E2FEED72BDE967B002E6B4A /* ImageLoader */;
			targetProxy = 2E2FEEE92BDE967B002E6B4A /* PBXContainerItemProxy */;
		};
		2E2FEEFC2BDE9833002E6B4A /* PBXTargetDependency */ = {
			isa = PBXTargetDependency;
			target = 2E2FEE832BDE42F7002E6B4A /* Cache */;
			targetProxy = 2E2FEEFB2BDE9833002E6B4A /* PBXContainerItemProxy */;
		};
/* End PBXTargetDependency section */

/* Begin XCBuildConfiguration section */
		2E2FEE1D2BDE3FD7002E6B4A /* Debug */ = {
			isa = XCBuildConfiguration;
			buildSettings = {
				ALWAYS_SEARCH_USER_PATHS = NO;
				ASSETCATALOG_COMPILER_GENERATE_SWIFT_ASSET_SYMBOL_EXTENSIONS = YES;
				CLANG_ANALYZER_NONNULL = YES;
				CLANG_ANALYZER_NUMBER_OBJECT_CONVERSION = YES_AGGRESSIVE;
				CLANG_CXX_LANGUAGE_STANDARD = "gnu++20";
				CLANG_ENABLE_MODULES = YES;
				CLANG_ENABLE_OBJC_ARC = YES;
				CLANG_ENABLE_OBJC_WEAK = YES;
				CLANG_WARN_BLOCK_CAPTURE_AUTORELEASING = YES;
				CLANG_WARN_BOOL_CONVERSION = YES;
				CLANG_WARN_COMMA = YES;
				CLANG_WARN_CONSTANT_CONVERSION = YES;
				CLANG_WARN_DEPRECATED_OBJC_IMPLEMENTATIONS = YES;
				CLANG_WARN_DIRECT_OBJC_ISA_USAGE = YES_ERROR;
				CLANG_WARN_DOCUMENTATION_COMMENTS = YES;
				CLANG_WARN_EMPTY_BODY = YES;
				CLANG_WARN_ENUM_CONVERSION = YES;
				CLANG_WARN_INFINITE_RECURSION = YES;
				CLANG_WARN_INT_CONVERSION = YES;
				CLANG_WARN_NON_LITERAL_NULL_CONVERSION = YES;
				CLANG_WARN_OBJC_IMPLICIT_RETAIN_SELF = YES;
				CLANG_WARN_OBJC_LITERAL_CONVERSION = YES;
				CLANG_WARN_OBJC_ROOT_CLASS = YES_ERROR;
				CLANG_WARN_QUOTED_INCLUDE_IN_FRAMEWORK_HEADER = YES;
				CLANG_WARN_RANGE_LOOP_ANALYSIS = YES;
				CLANG_WARN_STRICT_PROTOTYPES = YES;
				CLANG_WARN_SUSPICIOUS_MOVE = YES;
				CLANG_WARN_UNGUARDED_AVAILABILITY = YES_AGGRESSIVE;
				CLANG_WARN_UNREACHABLE_CODE = YES;
				CLANG_WARN__DUPLICATE_METHOD_MATCH = YES;
				COPY_PHASE_STRIP = NO;
				DEBUG_INFORMATION_FORMAT = dwarf;
				ENABLE_STRICT_OBJC_MSGSEND = YES;
				ENABLE_TESTABILITY = YES;
				ENABLE_USER_SCRIPT_SANDBOXING = YES;
				GCC_C_LANGUAGE_STANDARD = gnu17;
				GCC_DYNAMIC_NO_PIC = NO;
				GCC_NO_COMMON_BLOCKS = YES;
				GCC_OPTIMIZATION_LEVEL = 0;
				GCC_PREPROCESSOR_DEFINITIONS = (
					"DEBUG=1",
					"$(inherited)",
				);
				GCC_WARN_64_TO_32_BIT_CONVERSION = YES;
				GCC_WARN_ABOUT_RETURN_TYPE = YES_ERROR;
				GCC_WARN_UNDECLARED_SELECTOR = YES;
				GCC_WARN_UNINITIALIZED_AUTOS = YES_AGGRESSIVE;
				GCC_WARN_UNUSED_FUNCTION = YES;
				GCC_WARN_UNUSED_VARIABLE = YES;
				IPHONEOS_DEPLOYMENT_TARGET = 16.0;
				LOCALIZATION_PREFERS_STRING_CATALOGS = YES;
				MTL_ENABLE_DEBUG_INFO = INCLUDE_SOURCE;
				MTL_FAST_MATH = YES;
				ONLY_ACTIVE_ARCH = YES;
				SDKROOT = iphoneos;
				SWIFT_ACTIVE_COMPILATION_CONDITIONS = "DEBUG $(inherited)";
				SWIFT_OPTIMIZATION_LEVEL = "-Onone";
			};
			name = Debug;
		};
		2E2FEE1E2BDE3FD7002E6B4A /* Release */ = {
			isa = XCBuildConfiguration;
			buildSettings = {
				ALWAYS_SEARCH_USER_PATHS = NO;
				ASSETCATALOG_COMPILER_GENERATE_SWIFT_ASSET_SYMBOL_EXTENSIONS = YES;
				CLANG_ANALYZER_NONNULL = YES;
				CLANG_ANALYZER_NUMBER_OBJECT_CONVERSION = YES_AGGRESSIVE;
				CLANG_CXX_LANGUAGE_STANDARD = "gnu++20";
				CLANG_ENABLE_MODULES = YES;
				CLANG_ENABLE_OBJC_ARC = YES;
				CLANG_ENABLE_OBJC_WEAK = YES;
				CLANG_WARN_BLOCK_CAPTURE_AUTORELEASING = YES;
				CLANG_WARN_BOOL_CONVERSION = YES;
				CLANG_WARN_COMMA = YES;
				CLANG_WARN_CONSTANT_CONVERSION = YES;
				CLANG_WARN_DEPRECATED_OBJC_IMPLEMENTATIONS = YES;
				CLANG_WARN_DIRECT_OBJC_ISA_USAGE = YES_ERROR;
				CLANG_WARN_DOCUMENTATION_COMMENTS = YES;
				CLANG_WARN_EMPTY_BODY = YES;
				CLANG_WARN_ENUM_CONVERSION = YES;
				CLANG_WARN_INFINITE_RECURSION = YES;
				CLANG_WARN_INT_CONVERSION = YES;
				CLANG_WARN_NON_LITERAL_NULL_CONVERSION = YES;
				CLANG_WARN_OBJC_IMPLICIT_RETAIN_SELF = YES;
				CLANG_WARN_OBJC_LITERAL_CONVERSION = YES;
				CLANG_WARN_OBJC_ROOT_CLASS = YES_ERROR;
				CLANG_WARN_QUOTED_INCLUDE_IN_FRAMEWORK_HEADER = YES;
				CLANG_WARN_RANGE_LOOP_ANALYSIS = YES;
				CLANG_WARN_STRICT_PROTOTYPES = YES;
				CLANG_WARN_SUSPICIOUS_MOVE = YES;
				CLANG_WARN_UNGUARDED_AVAILABILITY = YES_AGGRESSIVE;
				CLANG_WARN_UNREACHABLE_CODE = YES;
				CLANG_WARN__DUPLICATE_METHOD_MATCH = YES;
				COPY_PHASE_STRIP = NO;
				DEBUG_INFORMATION_FORMAT = "dwarf-with-dsym";
				ENABLE_NS_ASSERTIONS = NO;
				ENABLE_STRICT_OBJC_MSGSEND = YES;
				ENABLE_USER_SCRIPT_SANDBOXING = YES;
				GCC_C_LANGUAGE_STANDARD = gnu17;
				GCC_NO_COMMON_BLOCKS = YES;
				GCC_WARN_64_TO_32_BIT_CONVERSION = YES;
				GCC_WARN_ABOUT_RETURN_TYPE = YES_ERROR;
				GCC_WARN_UNDECLARED_SELECTOR = YES;
				GCC_WARN_UNINITIALIZED_AUTOS = YES_AGGRESSIVE;
				GCC_WARN_UNUSED_FUNCTION = YES;
				GCC_WARN_UNUSED_VARIABLE = YES;
				IPHONEOS_DEPLOYMENT_TARGET = 16.0;
				LOCALIZATION_PREFERS_STRING_CATALOGS = YES;
				MTL_ENABLE_DEBUG_INFO = NO;
				MTL_FAST_MATH = YES;
				SDKROOT = iphoneos;
				SWIFT_COMPILATION_MODE = wholemodule;
				VALIDATE_PRODUCT = YES;
			};
			name = Release;
		};
		2E2FEE202BDE3FD7002E6B4A /* Debug */ = {
			isa = XCBuildConfiguration;
			buildSettings = {
				ALWAYS_EMBED_SWIFT_STANDARD_LIBRARIES = YES;
				ASSETCATALOG_COMPILER_APPICON_NAME = AppIcon;
				ASSETCATALOG_COMPILER_GLOBAL_ACCENT_COLOR_NAME = AccentColor;
				CODE_SIGN_STYLE = Automatic;
				CURRENT_PROJECT_VERSION = 1;
				DEVELOPMENT_ASSET_PATHS = "\"PropertyList/Preview Content\"";
				DEVELOPMENT_TEAM = 4DJCXT9LT9;
				ENABLE_PREVIEWS = YES;
				GENERATE_INFOPLIST_FILE = YES;
				INFOPLIST_KEY_UIApplicationSceneManifest_Generation = YES;
				INFOPLIST_KEY_UIApplicationSupportsIndirectInputEvents = YES;
				INFOPLIST_KEY_UILaunchScreen_Generation = YES;
				INFOPLIST_KEY_UISupportedInterfaceOrientations_iPad = "UIInterfaceOrientationPortrait UIInterfaceOrientationPortraitUpsideDown UIInterfaceOrientationLandscapeLeft UIInterfaceOrientationLandscapeRight";
				INFOPLIST_KEY_UISupportedInterfaceOrientations_iPhone = "UIInterfaceOrientationPortrait UIInterfaceOrientationLandscapeLeft UIInterfaceOrientationLandscapeRight";
				LD_RUNPATH_SEARCH_PATHS = (
					"$(inherited)",
					"@executable_path/Frameworks",
				);
				MARKETING_VERSION = 1.0;
				PRODUCT_BUNDLE_IDENTIFIER = co.dkapps.PropertyList;
				PRODUCT_NAME = "$(TARGET_NAME)";
				SWIFT_EMIT_LOC_STRINGS = YES;
				SWIFT_VERSION = 5.0;
				TARGETED_DEVICE_FAMILY = "1,2";
			};
			name = Debug;
		};
		2E2FEE212BDE3FD7002E6B4A /* Release */ = {
			isa = XCBuildConfiguration;
			buildSettings = {
				ALWAYS_EMBED_SWIFT_STANDARD_LIBRARIES = YES;
				ASSETCATALOG_COMPILER_APPICON_NAME = AppIcon;
				ASSETCATALOG_COMPILER_GLOBAL_ACCENT_COLOR_NAME = AccentColor;
				CODE_SIGN_STYLE = Automatic;
				CURRENT_PROJECT_VERSION = 1;
				DEVELOPMENT_ASSET_PATHS = "\"PropertyList/Preview Content\"";
				DEVELOPMENT_TEAM = 4DJCXT9LT9;
				ENABLE_PREVIEWS = YES;
				GENERATE_INFOPLIST_FILE = YES;
				INFOPLIST_KEY_UIApplicationSceneManifest_Generation = YES;
				INFOPLIST_KEY_UIApplicationSupportsIndirectInputEvents = YES;
				INFOPLIST_KEY_UILaunchScreen_Generation = YES;
				INFOPLIST_KEY_UISupportedInterfaceOrientations_iPad = "UIInterfaceOrientationPortrait UIInterfaceOrientationPortraitUpsideDown UIInterfaceOrientationLandscapeLeft UIInterfaceOrientationLandscapeRight";
				INFOPLIST_KEY_UISupportedInterfaceOrientations_iPhone = "UIInterfaceOrientationPortrait UIInterfaceOrientationLandscapeLeft UIInterfaceOrientationLandscapeRight";
				LD_RUNPATH_SEARCH_PATHS = (
					"$(inherited)",
					"@executable_path/Frameworks",
				);
				MARKETING_VERSION = 1.0;
				PRODUCT_BUNDLE_IDENTIFIER = co.dkapps.PropertyList;
				PRODUCT_NAME = "$(TARGET_NAME)";
				SWIFT_EMIT_LOC_STRINGS = YES;
				SWIFT_VERSION = 5.0;
				TARGETED_DEVICE_FAMILY = "1,2";
			};
			name = Release;
		};
		2E2FEE232BDE3FD7002E6B4A /* Debug */ = {
			isa = XCBuildConfiguration;
			buildSettings = {
				ALWAYS_EMBED_SWIFT_STANDARD_LIBRARIES = YES;
				BUNDLE_LOADER = "$(TEST_HOST)";
				CODE_SIGN_STYLE = Automatic;
				CURRENT_PROJECT_VERSION = 1;
				DEVELOPMENT_TEAM = 4DJCXT9LT9;
				GENERATE_INFOPLIST_FILE = YES;
				IPHONEOS_DEPLOYMENT_TARGET = 17.2;
				MARKETING_VERSION = 1.0;
				PRODUCT_BUNDLE_IDENTIFIER = co.dkapps.PropertyListTests;
				PRODUCT_NAME = "$(TARGET_NAME)";
				SWIFT_EMIT_LOC_STRINGS = NO;
				SWIFT_VERSION = 5.0;
				TARGETED_DEVICE_FAMILY = "1,2";
				TEST_HOST = "$(BUILT_PRODUCTS_DIR)/PropertyList.app/$(BUNDLE_EXECUTABLE_FOLDER_PATH)/PropertyList";
			};
			name = Debug;
		};
		2E2FEE242BDE3FD7002E6B4A /* Release */ = {
			isa = XCBuildConfiguration;
			buildSettings = {
				ALWAYS_EMBED_SWIFT_STANDARD_LIBRARIES = YES;
				BUNDLE_LOADER = "$(TEST_HOST)";
				CODE_SIGN_STYLE = Automatic;
				CURRENT_PROJECT_VERSION = 1;
				DEVELOPMENT_TEAM = 4DJCXT9LT9;
				GENERATE_INFOPLIST_FILE = YES;
				IPHONEOS_DEPLOYMENT_TARGET = 17.2;
				MARKETING_VERSION = 1.0;
				PRODUCT_BUNDLE_IDENTIFIER = co.dkapps.PropertyListTests;
				PRODUCT_NAME = "$(TARGET_NAME)";
				SWIFT_EMIT_LOC_STRINGS = NO;
				SWIFT_VERSION = 5.0;
				TARGETED_DEVICE_FAMILY = "1,2";
				TEST_HOST = "$(BUILT_PRODUCTS_DIR)/PropertyList.app/$(BUNDLE_EXECUTABLE_FOLDER_PATH)/PropertyList";
			};
			name = Release;
		};
		2E2FEE432BDE40F5002E6B4A /* Debug */ = {
			isa = XCBuildConfiguration;
			buildSettings = {
				CLANG_ENABLE_MODULES = YES;
				CODE_SIGN_STYLE = Automatic;
				CURRENT_PROJECT_VERSION = 1;
				DEFINES_MODULE = YES;
				DEVELOPMENT_TEAM = 4DJCXT9LT9;
				DYLIB_COMPATIBILITY_VERSION = 1;
				DYLIB_CURRENT_VERSION = 1;
				DYLIB_INSTALL_NAME_BASE = "@rpath";
				ENABLE_MODULE_VERIFIER = YES;
				GENERATE_INFOPLIST_FILE = YES;
				INFOPLIST_KEY_NSHumanReadableCopyright = "";
				INSTALL_PATH = "$(LOCAL_LIBRARY_DIR)/Frameworks";
				LD_RUNPATH_SEARCH_PATHS = (
					"$(inherited)",
					"@executable_path/Frameworks",
					"@loader_path/Frameworks",
				);
				MARKETING_VERSION = 1.0;
				MODULE_VERIFIER_SUPPORTED_LANGUAGES = "objective-c objective-c++";
				MODULE_VERIFIER_SUPPORTED_LANGUAGE_STANDARDS = "gnu17 gnu++20";
				PRODUCT_BUNDLE_IDENTIFIER = co.dkapps.DataLoader;
				PRODUCT_NAME = "$(TARGET_NAME:c99extidentifier)";
				SKIP_INSTALL = YES;
				SWIFT_EMIT_LOC_STRINGS = YES;
				SWIFT_OPTIMIZATION_LEVEL = "-Onone";
				SWIFT_VERSION = 5.0;
				TARGETED_DEVICE_FAMILY = "1,2";
				VERSIONING_SYSTEM = "apple-generic";
				VERSION_INFO_PREFIX = "";
			};
			name = Debug;
		};
		2E2FEE442BDE40F5002E6B4A /* Release */ = {
			isa = XCBuildConfiguration;
			buildSettings = {
				CLANG_ENABLE_MODULES = YES;
				CODE_SIGN_STYLE = Automatic;
				CURRENT_PROJECT_VERSION = 1;
				DEFINES_MODULE = YES;
				DEVELOPMENT_TEAM = 4DJCXT9LT9;
				DYLIB_COMPATIBILITY_VERSION = 1;
				DYLIB_CURRENT_VERSION = 1;
				DYLIB_INSTALL_NAME_BASE = "@rpath";
				ENABLE_MODULE_VERIFIER = YES;
				GENERATE_INFOPLIST_FILE = YES;
				INFOPLIST_KEY_NSHumanReadableCopyright = "";
				INSTALL_PATH = "$(LOCAL_LIBRARY_DIR)/Frameworks";
				LD_RUNPATH_SEARCH_PATHS = (
					"$(inherited)",
					"@executable_path/Frameworks",
					"@loader_path/Frameworks",
				);
				MARKETING_VERSION = 1.0;
				MODULE_VERIFIER_SUPPORTED_LANGUAGES = "objective-c objective-c++";
				MODULE_VERIFIER_SUPPORTED_LANGUAGE_STANDARDS = "gnu17 gnu++20";
				PRODUCT_BUNDLE_IDENTIFIER = co.dkapps.DataLoader;
				PRODUCT_NAME = "$(TARGET_NAME:c99extidentifier)";
				SKIP_INSTALL = YES;
				SWIFT_EMIT_LOC_STRINGS = YES;
				SWIFT_VERSION = 5.0;
				TARGETED_DEVICE_FAMILY = "1,2";
				VERSIONING_SYSTEM = "apple-generic";
				VERSION_INFO_PREFIX = "";
			};
			name = Release;
		};
		2E2FEE782BDE4245002E6B4A /* Debug */ = {
			isa = XCBuildConfiguration;
			buildSettings = {
				CLANG_ENABLE_MODULES = YES;
				CODE_SIGN_STYLE = Automatic;
				CURRENT_PROJECT_VERSION = 1;
				DEFINES_MODULE = YES;
				DEVELOPMENT_TEAM = 4DJCXT9LT9;
				DYLIB_COMPATIBILITY_VERSION = 1;
				DYLIB_CURRENT_VERSION = 1;
				DYLIB_INSTALL_NAME_BASE = "@rpath";
				ENABLE_MODULE_VERIFIER = YES;
				GENERATE_INFOPLIST_FILE = YES;
				INFOPLIST_KEY_NSHumanReadableCopyright = "";
				INSTALL_PATH = "$(LOCAL_LIBRARY_DIR)/Frameworks";
				LD_RUNPATH_SEARCH_PATHS = (
					"$(inherited)",
					"@executable_path/Frameworks",
					"@loader_path/Frameworks",
				);
				MARKETING_VERSION = 1.0;
				MODULE_VERIFIER_SUPPORTED_LANGUAGES = "objective-c objective-c++";
				MODULE_VERIFIER_SUPPORTED_LANGUAGE_STANDARDS = "gnu17 gnu++20";
				PRODUCT_BUNDLE_IDENTIFIER = co.dkapps.PageLoader;
				PRODUCT_NAME = "$(TARGET_NAME:c99extidentifier)";
				SKIP_INSTALL = YES;
				SWIFT_EMIT_LOC_STRINGS = YES;
				SWIFT_OPTIMIZATION_LEVEL = "-Onone";
				SWIFT_VERSION = 5.0;
				TARGETED_DEVICE_FAMILY = "1,2";
				VERSIONING_SYSTEM = "apple-generic";
				VERSION_INFO_PREFIX = "";
			};
			name = Debug;
		};
		2E2FEE792BDE4245002E6B4A /* Release */ = {
			isa = XCBuildConfiguration;
			buildSettings = {
				CLANG_ENABLE_MODULES = YES;
				CODE_SIGN_STYLE = Automatic;
				CURRENT_PROJECT_VERSION = 1;
				DEFINES_MODULE = YES;
				DEVELOPMENT_TEAM = 4DJCXT9LT9;
				DYLIB_COMPATIBILITY_VERSION = 1;
				DYLIB_CURRENT_VERSION = 1;
				DYLIB_INSTALL_NAME_BASE = "@rpath";
				ENABLE_MODULE_VERIFIER = YES;
				GENERATE_INFOPLIST_FILE = YES;
				INFOPLIST_KEY_NSHumanReadableCopyright = "";
				INSTALL_PATH = "$(LOCAL_LIBRARY_DIR)/Frameworks";
				LD_RUNPATH_SEARCH_PATHS = (
					"$(inherited)",
					"@executable_path/Frameworks",
					"@loader_path/Frameworks",
				);
				MARKETING_VERSION = 1.0;
				MODULE_VERIFIER_SUPPORTED_LANGUAGES = "objective-c objective-c++";
				MODULE_VERIFIER_SUPPORTED_LANGUAGE_STANDARDS = "gnu17 gnu++20";
				PRODUCT_BUNDLE_IDENTIFIER = co.dkapps.PageLoader;
				PRODUCT_NAME = "$(TARGET_NAME:c99extidentifier)";
				SKIP_INSTALL = YES;
				SWIFT_EMIT_LOC_STRINGS = YES;
				SWIFT_VERSION = 5.0;
				TARGETED_DEVICE_FAMILY = "1,2";
				VERSIONING_SYSTEM = "apple-generic";
				VERSION_INFO_PREFIX = "";
			};
			name = Release;
		};
		2E2FEE9A2BDE42F7002E6B4A /* Debug */ = {
			isa = XCBuildConfiguration;
			buildSettings = {
				CLANG_ENABLE_MODULES = YES;
				CODE_SIGN_STYLE = Automatic;
				CURRENT_PROJECT_VERSION = 1;
				DEFINES_MODULE = YES;
				DEVELOPMENT_TEAM = 4DJCXT9LT9;
				DYLIB_COMPATIBILITY_VERSION = 1;
				DYLIB_CURRENT_VERSION = 1;
				DYLIB_INSTALL_NAME_BASE = "@rpath";
				ENABLE_MODULE_VERIFIER = YES;
				GENERATE_INFOPLIST_FILE = YES;
				INFOPLIST_KEY_NSHumanReadableCopyright = "";
				INSTALL_PATH = "$(LOCAL_LIBRARY_DIR)/Frameworks";
				LD_RUNPATH_SEARCH_PATHS = (
					"$(inherited)",
					"@executable_path/Frameworks",
					"@loader_path/Frameworks",
				);
				MARKETING_VERSION = 1.0;
				MODULE_VERIFIER_SUPPORTED_LANGUAGES = "objective-c objective-c++";
				MODULE_VERIFIER_SUPPORTED_LANGUAGE_STANDARDS = "gnu17 gnu++20";
				PRODUCT_BUNDLE_IDENTIFIER = co.dkapps.Cache;
				PRODUCT_NAME = "$(TARGET_NAME:c99extidentifier)";
				SKIP_INSTALL = YES;
				SWIFT_EMIT_LOC_STRINGS = YES;
				SWIFT_OPTIMIZATION_LEVEL = "-Onone";
				SWIFT_VERSION = 5.0;
				TARGETED_DEVICE_FAMILY = "1,2";
				VERSIONING_SYSTEM = "apple-generic";
				VERSION_INFO_PREFIX = "";
			};
			name = Debug;
		};
		2E2FEE9B2BDE42F7002E6B4A /* Release */ = {
			isa = XCBuildConfiguration;
			buildSettings = {
				CLANG_ENABLE_MODULES = YES;
				CODE_SIGN_STYLE = Automatic;
				CURRENT_PROJECT_VERSION = 1;
				DEFINES_MODULE = YES;
				DEVELOPMENT_TEAM = 4DJCXT9LT9;
				DYLIB_COMPATIBILITY_VERSION = 1;
				DYLIB_CURRENT_VERSION = 1;
				DYLIB_INSTALL_NAME_BASE = "@rpath";
				ENABLE_MODULE_VERIFIER = YES;
				GENERATE_INFOPLIST_FILE = YES;
				INFOPLIST_KEY_NSHumanReadableCopyright = "";
				INSTALL_PATH = "$(LOCAL_LIBRARY_DIR)/Frameworks";
				LD_RUNPATH_SEARCH_PATHS = (
					"$(inherited)",
					"@executable_path/Frameworks",
					"@loader_path/Frameworks",
				);
				MARKETING_VERSION = 1.0;
				MODULE_VERIFIER_SUPPORTED_LANGUAGES = "objective-c objective-c++";
				MODULE_VERIFIER_SUPPORTED_LANGUAGE_STANDARDS = "gnu17 gnu++20";
				PRODUCT_BUNDLE_IDENTIFIER = co.dkapps.Cache;
				PRODUCT_NAME = "$(TARGET_NAME:c99extidentifier)";
				SKIP_INSTALL = YES;
				SWIFT_EMIT_LOC_STRINGS = YES;
				SWIFT_VERSION = 5.0;
				TARGETED_DEVICE_FAMILY = "1,2";
				VERSIONING_SYSTEM = "apple-generic";
				VERSION_INFO_PREFIX = "";
			};
			name = Release;
		};
		2E2FEE9D2BDE42F7002E6B4A /* Debug */ = {
			isa = XCBuildConfiguration;
			buildSettings = {
				ALWAYS_EMBED_SWIFT_STANDARD_LIBRARIES = YES;
				CODE_SIGN_STYLE = Automatic;
				CURRENT_PROJECT_VERSION = 1;
				DEVELOPMENT_TEAM = 4DJCXT9LT9;
				GENERATE_INFOPLIST_FILE = YES;
				IPHONEOS_DEPLOYMENT_TARGET = 17.2;
				MARKETING_VERSION = 1.0;
				PRODUCT_BUNDLE_IDENTIFIER = co.dkapps.CacheTests;
				PRODUCT_NAME = "$(TARGET_NAME)";
				SWIFT_EMIT_LOC_STRINGS = NO;
				SWIFT_VERSION = 5.0;
				TARGETED_DEVICE_FAMILY = "1,2";
				TEST_HOST = "$(BUILT_PRODUCTS_DIR)/PropertyList.app/$(BUNDLE_EXECUTABLE_FOLDER_PATH)/PropertyList";
			};
			name = Debug;
		};
		2E2FEE9E2BDE42F7002E6B4A /* Release */ = {
			isa = XCBuildConfiguration;
			buildSettings = {
				ALWAYS_EMBED_SWIFT_STANDARD_LIBRARIES = YES;
				CODE_SIGN_STYLE = Automatic;
				CURRENT_PROJECT_VERSION = 1;
				DEVELOPMENT_TEAM = 4DJCXT9LT9;
				GENERATE_INFOPLIST_FILE = YES;
				IPHONEOS_DEPLOYMENT_TARGET = 17.2;
				MARKETING_VERSION = 1.0;
				PRODUCT_BUNDLE_IDENTIFIER = co.dkapps.CacheTests;
				PRODUCT_NAME = "$(TARGET_NAME)";
				SWIFT_EMIT_LOC_STRINGS = NO;
				SWIFT_VERSION = 5.0;
				TARGETED_DEVICE_FAMILY = "1,2";
				TEST_HOST = "$(BUILT_PRODUCTS_DIR)/PropertyList.app/$(BUNDLE_EXECUTABLE_FOLDER_PATH)/PropertyList";
			};
			name = Release;
		};
		2E2FEEEE2BDE967B002E6B4A /* Debug */ = {
			isa = XCBuildConfiguration;
			buildSettings = {
				CLANG_ENABLE_MODULES = YES;
				CODE_SIGN_STYLE = Automatic;
				CURRENT_PROJECT_VERSION = 1;
				DEFINES_MODULE = YES;
				DEVELOPMENT_TEAM = 4DJCXT9LT9;
				DYLIB_COMPATIBILITY_VERSION = 1;
				DYLIB_CURRENT_VERSION = 1;
				DYLIB_INSTALL_NAME_BASE = "@rpath";
				ENABLE_MODULE_VERIFIER = YES;
				GENERATE_INFOPLIST_FILE = YES;
				INFOPLIST_KEY_NSHumanReadableCopyright = "";
				INSTALL_PATH = "$(LOCAL_LIBRARY_DIR)/Frameworks";
				LD_RUNPATH_SEARCH_PATHS = (
					"$(inherited)",
					"@executable_path/Frameworks",
					"@loader_path/Frameworks",
				);
				MARKETING_VERSION = 1.0;
				MODULE_VERIFIER_SUPPORTED_LANGUAGES = "objective-c objective-c++";
				MODULE_VERIFIER_SUPPORTED_LANGUAGE_STANDARDS = "gnu17 gnu++20";
				PRODUCT_BUNDLE_IDENTIFIER = co.dkapps.ImageLoader;
				PRODUCT_NAME = "$(TARGET_NAME:c99extidentifier)";
				SKIP_INSTALL = YES;
				SWIFT_EMIT_LOC_STRINGS = YES;
				SWIFT_OPTIMIZATION_LEVEL = "-Onone";
				SWIFT_VERSION = 5.0;
				TARGETED_DEVICE_FAMILY = "1,2";
				VERSIONING_SYSTEM = "apple-generic";
				VERSION_INFO_PREFIX = "";
			};
			name = Debug;
		};
		2E2FEEEF2BDE967B002E6B4A /* Release */ = {
			isa = XCBuildConfiguration;
			buildSettings = {
				CLANG_ENABLE_MODULES = YES;
				CODE_SIGN_STYLE = Automatic;
				CURRENT_PROJECT_VERSION = 1;
				DEFINES_MODULE = YES;
				DEVELOPMENT_TEAM = 4DJCXT9LT9;
				DYLIB_COMPATIBILITY_VERSION = 1;
				DYLIB_CURRENT_VERSION = 1;
				DYLIB_INSTALL_NAME_BASE = "@rpath";
				ENABLE_MODULE_VERIFIER = YES;
				GENERATE_INFOPLIST_FILE = YES;
				INFOPLIST_KEY_NSHumanReadableCopyright = "";
				INSTALL_PATH = "$(LOCAL_LIBRARY_DIR)/Frameworks";
				LD_RUNPATH_SEARCH_PATHS = (
					"$(inherited)",
					"@executable_path/Frameworks",
					"@loader_path/Frameworks",
				);
				MARKETING_VERSION = 1.0;
				MODULE_VERIFIER_SUPPORTED_LANGUAGES = "objective-c objective-c++";
				MODULE_VERIFIER_SUPPORTED_LANGUAGE_STANDARDS = "gnu17 gnu++20";
				PRODUCT_BUNDLE_IDENTIFIER = co.dkapps.ImageLoader;
				PRODUCT_NAME = "$(TARGET_NAME:c99extidentifier)";
				SKIP_INSTALL = YES;
				SWIFT_EMIT_LOC_STRINGS = YES;
				SWIFT_VERSION = 5.0;
				TARGETED_DEVICE_FAMILY = "1,2";
				VERSIONING_SYSTEM = "apple-generic";
				VERSION_INFO_PREFIX = "";
			};
			name = Release;
		};
		2E2FEEF12BDE967B002E6B4A /* Debug */ = {
			isa = XCBuildConfiguration;
			buildSettings = {
				ALWAYS_EMBED_SWIFT_STANDARD_LIBRARIES = YES;
				CODE_SIGN_STYLE = Automatic;
				CURRENT_PROJECT_VERSION = 1;
				DEVELOPMENT_TEAM = 4DJCXT9LT9;
				GENERATE_INFOPLIST_FILE = YES;
				IPHONEOS_DEPLOYMENT_TARGET = 17.2;
				MARKETING_VERSION = 1.0;
				PRODUCT_BUNDLE_IDENTIFIER = co.dkapps.ImageLoaderTests;
				PRODUCT_NAME = "$(TARGET_NAME)";
				SWIFT_EMIT_LOC_STRINGS = NO;
				SWIFT_VERSION = 5.0;
				TARGETED_DEVICE_FAMILY = "1,2";
				TEST_HOST = "$(BUILT_PRODUCTS_DIR)/PropertyList.app/$(BUNDLE_EXECUTABLE_FOLDER_PATH)/PropertyList";
			};
			name = Debug;
		};
		2E2FEEF22BDE967B002E6B4A /* Release */ = {
			isa = XCBuildConfiguration;
			buildSettings = {
				ALWAYS_EMBED_SWIFT_STANDARD_LIBRARIES = YES;
				CODE_SIGN_STYLE = Automatic;
				CURRENT_PROJECT_VERSION = 1;
				DEVELOPMENT_TEAM = 4DJCXT9LT9;
				GENERATE_INFOPLIST_FILE = YES;
				IPHONEOS_DEPLOYMENT_TARGET = 17.2;
				MARKETING_VERSION = 1.0;
				PRODUCT_BUNDLE_IDENTIFIER = co.dkapps.ImageLoaderTests;
				PRODUCT_NAME = "$(TARGET_NAME)";
				SWIFT_EMIT_LOC_STRINGS = NO;
				SWIFT_VERSION = 5.0;
				TARGETED_DEVICE_FAMILY = "1,2";
				TEST_HOST = "$(BUILT_PRODUCTS_DIR)/PropertyList.app/$(BUNDLE_EXECUTABLE_FOLDER_PATH)/PropertyList";
			};
			name = Release;
		};
/* End XCBuildConfiguration section */

/* Begin XCConfigurationList section */
		2E2FEDF62BDE3FD6002E6B4A /* Build configuration list for PBXProject "PropertyList" */ = {
			isa = XCConfigurationList;
			buildConfigurations = (
				2E2FEE1D2BDE3FD7002E6B4A /* Debug */,
				2E2FEE1E2BDE3FD7002E6B4A /* Release */,
			);
			defaultConfigurationIsVisible = 0;
			defaultConfigurationName = Release;
		};
		2E2FEE1F2BDE3FD7002E6B4A /* Build configuration list for PBXNativeTarget "PropertyList" */ = {
			isa = XCConfigurationList;
			buildConfigurations = (
				2E2FEE202BDE3FD7002E6B4A /* Debug */,
				2E2FEE212BDE3FD7002E6B4A /* Release */,
			);
			defaultConfigurationIsVisible = 0;
			defaultConfigurationName = Release;
		};
		2E2FEE222BDE3FD7002E6B4A /* Build configuration list for PBXNativeTarget "PropertyListTests" */ = {
			isa = XCConfigurationList;
			buildConfigurations = (
				2E2FEE232BDE3FD7002E6B4A /* Debug */,
				2E2FEE242BDE3FD7002E6B4A /* Release */,
			);
			defaultConfigurationIsVisible = 0;
			defaultConfigurationName = Release;
		};
		2E2FEE422BDE40F5002E6B4A /* Build configuration list for PBXNativeTarget "DataLoader" */ = {
			isa = XCConfigurationList;
			buildConfigurations = (
				2E2FEE432BDE40F5002E6B4A /* Debug */,
				2E2FEE442BDE40F5002E6B4A /* Release */,
			);
			defaultConfigurationIsVisible = 0;
			defaultConfigurationName = Release;
		};
		2E2FEE7A2BDE4245002E6B4A /* Build configuration list for PBXNativeTarget "PageLoader" */ = {
			isa = XCConfigurationList;
			buildConfigurations = (
				2E2FEE782BDE4245002E6B4A /* Debug */,
				2E2FEE792BDE4245002E6B4A /* Release */,
			);
			defaultConfigurationIsVisible = 0;
			defaultConfigurationName = Release;
		};
		2E2FEE992BDE42F7002E6B4A /* Build configuration list for PBXNativeTarget "Cache" */ = {
			isa = XCConfigurationList;
			buildConfigurations = (
				2E2FEE9A2BDE42F7002E6B4A /* Debug */,
				2E2FEE9B2BDE42F7002E6B4A /* Release */,
			);
			defaultConfigurationIsVisible = 0;
			defaultConfigurationName = Release;
		};
		2E2FEE9C2BDE42F7002E6B4A /* Build configuration list for PBXNativeTarget "CacheTests" */ = {
			isa = XCConfigurationList;
			buildConfigurations = (
				2E2FEE9D2BDE42F7002E6B4A /* Debug */,
				2E2FEE9E2BDE42F7002E6B4A /* Release */,
			);
			defaultConfigurationIsVisible = 0;
			defaultConfigurationName = Release;
		};
		2E2FEEED2BDE967B002E6B4A /* Build configuration list for PBXNativeTarget "ImageLoader" */ = {
			isa = XCConfigurationList;
			buildConfigurations = (
				2E2FEEEE2BDE967B002E6B4A /* Debug */,
				2E2FEEEF2BDE967B002E6B4A /* Release */,
			);
			defaultConfigurationIsVisible = 0;
			defaultConfigurationName = Release;
		};
		2E2FEEF02BDE967B002E6B4A /* Build configuration list for PBXNativeTarget "ImageLoaderTests" */ = {
			isa = XCConfigurationList;
			buildConfigurations = (
				2E2FEEF12BDE967B002E6B4A /* Debug */,
				2E2FEEF22BDE967B002E6B4A /* Release */,
			);
			defaultConfigurationIsVisible = 0;
			defaultConfigurationName = Release;
		};
/* End XCConfigurationList section */
	};
	rootObject = 2E2FEDF32BDE3FD6002E6B4A /* Project object */;
}
